PODS:
  - AFNetworking (3.1.0):
    - AFNetworking/NSURLSession (= 3.1.0)
    - AFNetworking/Reachability (= 3.1.0)
    - AFNetworking/Security (= 3.1.0)
    - AFNetworking/Serialization (= 3.1.0)
    - AFNetworking/UIKit (= 3.1.0)
  - AFNetworking/NSURLSession (3.1.0):
    - AFNetworking/Reachability
    - AFNetworking/Security
    - AFNetworking/Serialization
  - AFNetworking/Reachability (3.1.0)
  - AFNetworking/Security (3.1.0)
  - AFNetworking/Serialization (3.1.0)
  - AFNetworking/UIKit (3.1.0):
    - AFNetworking/NSURLSession
  - AMap3DMap (5.6.0):
    - AMapFoundation (~> 1.4)
  - AMapFoundation (1.4.2)
  - AMapSearch (5.5.0):
    - AMapFoundation (~> 1.4)
  - FreeStreamer (3.7.2):
    - Reachability (~> 3.0)
  - JSONModel (1.7.0)
  - Mantle (2.1.0):
    - Mantle/extobjc (= 2.1.0)
  - Mantle/extobjc (2.1.0)
  - MBProgressHUD (1.0.0)
  - PNChart (0.8.9):
    - UICountingLabel (~> 1.2.0)
  - PYSearch (0.8.7)
  - Reachability (3.2)
  - ReactiveObjC (3.0.0)
  - SDWebImage (3.8.2):
    - SDWebImage/Core (= 3.8.2)
  - SDWebImage/Core (3.8.2)
  - UICountingLabel (1.2.0)
  - ZYQAssetPickerController (1.0.0)

DEPENDENCIES:
  - AFNetworking
  - AMap3DMap
  - AMapSearch
  - FreeStreamer
  - JSONModel
  - Mantle
  - MBProgressHUD
  - PNChart
  - PYSearch
  - ReactiveObjC
  - SDWebImage
  - UICountingLabel
  - ZYQAssetPickerController (~> 1.0.0)

SPEC REPOS:
  https://github.com/cocoapods/specs.git:
    - AFNetworking
    - AMap3DMap
    - AMapFoundation
    - AMapSearch
    - FreeStreamer
    - JSONModel
    - Mantle
    - MBProgressHUD
    - PNChart
    - PYSearch
    - Reachability
    - ReactiveObjC
    - SDWebImage
    - UICountingLabel
    - ZYQAssetPickerController

SPEC CHECKSUMS:
  AFNetworking: 5e0e199f73d8626b11e79750991f5d173d1f8b67
  AMap3DMap: 2ac4f9ad7f2f8b015013d8d282c55882bcd68dc9
  AMapFoundation: 6c0471c9a6a0ad17dad46e3d800ad56ca170f82a
  AMapSearch: dc9958acfb61b58dcbce79736bf14a39dde7506f
  FreeStreamer: 98f42f926bed70e3f8873930bc530aae83082d9f
  JSONModel: 840bc0fcffb24b8454d2c026bf26fea454b8e98d
  Mantle: 2fa750afa478cd625a94230fbf1c13462f29395b
  MBProgressHUD: 4890f671c94e8a0f3cf959aa731e9de2f036d71a
  PNChart: 84774d225c2126ded6c93d4dbe6ae98c3a73c2d2
  PYSearch: 8b58c757c7756cb1a8174a28def03e51700892ff
  Reachability: 33e18b67625424e47b6cde6d202dce689ad7af96
  ReactiveObjC: ce79989e8684b9086b5f8d0c74bc7b81a8729c9e
  SDWebImage: 098e97e6176540799c27e804c96653ee0833d13c
  UICountingLabel: 1db4e7d023e1762171eb226d6dff47a7a84f27aa
  ZYQAssetPickerController: e5cf51ee6c05fa06746830026c247cb9f6699e84

PODFILE CHECKSUM: ce645d5dc4990786d48661306a1fb57c39eb83b0

COCOAPODS: 1.5.2
