// !$*UTF8*$!
{
	archiveVersion = 1;
	classes = {
	};
	objectVersion = 46;
	objects = {

/* Begin PBXBuildFile section */
		0F184C88200CA1B800CD19FC /* RacTestViewController.m in Sources */ = {isa = PBXBuildFile; fileRef = 0F184C86200CA1B800CD19FC /* RacTestViewController.m */; };
		0F184C89200CA1B800CD19FC /* RacTestViewController.xib in Resources */ = {isa = PBXBuildFile; fileRef = 0F184C87200CA1B800CD19FC /* RacTestViewController.xib */; };
		0F2537731FE37D3F0022506D /* PYTempViewController.m in Sources */ = {isa = PBXBuildFile; fileRef = 0F2537721FE37D3F0022506D /* PYTempViewController.m */; };
		0F30569820AA883B00001CDE /* MapDemoController.m in Sources */ = {isa = PBXBuildFile; fileRef = 0F30569720AA883B00001CDE /* MapDemoController.m */; };
		0F516B4F209BFEE100A0E6DA /* RunloopMainController.m in Sources */ = {isa = PBXBuildFile; fileRef = 0F516B4E209BFEE100A0E6DA /* RunloopMainController.m */; };
		0F53A4351FE3785C00761D6A /* PYSearchDemoController.m in Sources */ = {isa = PBXBuildFile; fileRef = 0F53A4341FE3785C00761D6A /* PYSearchDemoController.m */; };
		0F6C7B59209057E500AA4A6F /* FindMinMaxThread.m in Sources */ = {isa = PBXBuildFile; fileRef = 0F6C7B58209057E500AA4A6F /* FindMinMaxThread.m */; };
		0F7491A02084750200FE7AA2 /* TableViewOptController.m in Sources */ = {isa = PBXBuildFile; fileRef = 0F74919F2084750200FE7AA2 /* TableViewOptController.m */; };
		0F7491A6208475DB00FE7AA2 /* corner_circle@2x.png in Resources */ = {isa = PBXBuildFile; fileRef = 0F7491A2208475DB00FE7AA2 /* corner_circle@2x.png */; };
		0F7491A7208475DB00FE7AA2 /* data.plist in Resources */ = {isa = PBXBuildFile; fileRef = 0F7491A3208475DB00FE7AA2 /* data.plist */; };
		0F7491A8208475DB00FE7AA2 /* t_comments@2x.png in Resources */ = {isa = PBXBuildFile; fileRef = 0F7491A4208475DB00FE7AA2 /* t_comments@2x.png */; };
		0F7491A9208475DB00FE7AA2 /* t_repost@2x.png in Resources */ = {isa = PBXBuildFile; fileRef = 0F7491A5208475DB00FE7AA2 /* t_repost@2x.png */; };
		0F7491B02084767100FE7AA2 /* UIView+Additions.m in Sources */ = {isa = PBXBuildFile; fileRef = 0F7491AA2084767000FE7AA2 /* UIView+Additions.m */; };
		0F7491B12084767100FE7AA2 /* UIScreen+Additions.m in Sources */ = {isa = PBXBuildFile; fileRef = 0F7491AC2084767100FE7AA2 /* UIScreen+Additions.m */; };
		0F7491B22084767100FE7AA2 /* NSString+Additions.m in Sources */ = {isa = PBXBuildFile; fileRef = 0F7491AD2084767100FE7AA2 /* NSString+Additions.m */; };
		0F7491B82084822E00FE7AA2 /* OptTableViewCell.m in Sources */ = {isa = PBXBuildFile; fileRef = 0F7491B72084822E00FE7AA2 /* OptTableViewCell.m */; };
		0F7491BB20849F2100FE7AA2 /* GenerateDatas.m in Sources */ = {isa = PBXBuildFile; fileRef = 0F7491BA20849F2100FE7AA2 /* GenerateDatas.m */; };
		0FAAB23520BCFCF300D0D839 /* PhotoMasterController.m in Sources */ = {isa = PBXBuildFile; fileRef = 0FAAB23320BCFCF300D0D839 /* PhotoMasterController.m */; };
		0FAAB23620BCFCF300D0D839 /* PhotoMasterController.xib in Resources */ = {isa = PBXBuildFile; fileRef = 0FAAB23420BCFCF300D0D839 /* PhotoMasterController.xib */; };
		0FB4C0D220BB933000146768 /* ImageIOController.m in Sources */ = {isa = PBXBuildFile; fileRef = 0FB4C0D020BB933000146768 /* ImageIOController.m */; };
		0FB4C0D320BB933000146768 /* ImageIOController.xib in Resources */ = {isa = PBXBuildFile; fileRef = 0FB4C0D120BB933000146768 /* ImageIOController.xib */; };
		0FB4C0D720BBA1D100146768 /* images in Resources */ = {isa = PBXBuildFile; fileRef = 0FB4C0D620BBA1D100146768 /* images */; };
		0FB4C0DC20BBE99700146768 /* URLSessionController.m in Sources */ = {isa = PBXBuildFile; fileRef = 0FB4C0DA20BBE99700146768 /* URLSessionController.m */; };
		0FB4C0DD20BBE99700146768 /* URLSessionController.xib in Resources */ = {isa = PBXBuildFile; fileRef = 0FB4C0DB20BBE99700146768 /* URLSessionController.xib */; };
		0FF79C23208596770039ED50 /* CTMainController.m in Sources */ = {isa = PBXBuildFile; fileRef = 0FF79C21208596770039ED50 /* CTMainController.m */; };
		0FF79C24208596770039ED50 /* CTMainController.xib in Resources */ = {isa = PBXBuildFile; fileRef = 0FF79C22208596770039ED50 /* CTMainController.xib */; };
		0FF79C27208596A10039ED50 /* CTDisplayView.m in Sources */ = {isa = PBXBuildFile; fileRef = 0FF79C26208596A10039ED50 /* CTDisplayView.m */; };
		9F15EFA01DDD4275002A734F /* AssetPickerViewController.m in Sources */ = {isa = PBXBuildFile; fileRef = 9F15EF9F1DDD4275002A734F /* AssetPickerViewController.m */; };
		9F15EFA31DDD5A95002A734F /* AssetPickTestViewController.m in Sources */ = {isa = PBXBuildFile; fileRef = 9F15EFA21DDD5A95002A734F /* AssetPickTestViewController.m */; };
		9F15EFBE1DDDC3A7002A734F /* JsonModelTestViewController.m in Sources */ = {isa = PBXBuildFile; fileRef = 9F15EFBD1DDDC3A7002A734F /* JsonModelTestViewController.m */; };
		9F15EFCF1DDDE857002A734F /* colors.json in Resources */ = {isa = PBXBuildFile; fileRef = 9F15EFC01DDDE857002A734F /* colors.json */; };
		9F15EFD01DDDE857002A734F /* converts.json in Resources */ = {isa = PBXBuildFile; fileRef = 9F15EFC11DDDE857002A734F /* converts.json */; };
		9F15EFD11DDDE857002A734F /* github-iphone.json in Resources */ = {isa = PBXBuildFile; fileRef = 9F15EFC21DDDE857002A734F /* github-iphone.json */; };
		9F15EFD21DDDE857002A734F /* jsonTypes.json in Resources */ = {isa = PBXBuildFile; fileRef = 9F15EFC31DDDE857002A734F /* jsonTypes.json */; };
		9F15EFD31DDDE857002A734F /* nestedData.json in Resources */ = {isa = PBXBuildFile; fileRef = 9F15EFC41DDDE857002A734F /* nestedData.json */; };
		9F15EFD41DDDE857002A734F /* nestedDataWithArrayError.json in Resources */ = {isa = PBXBuildFile; fileRef = 9F15EFC51DDDE857002A734F /* nestedDataWithArrayError.json */; };
		9F15EFD51DDDE857002A734F /* nestedDataWithDictionaryError.json in Resources */ = {isa = PBXBuildFile; fileRef = 9F15EFC61DDDE857002A734F /* nestedDataWithDictionaryError.json */; };
		9F15EFD61DDDE857002A734F /* nestedDataWithTypeMismatchOnImages.json in Resources */ = {isa = PBXBuildFile; fileRef = 9F15EFC71DDDE857002A734F /* nestedDataWithTypeMismatchOnImages.json */; };
		9F15EFD71DDDE857002A734F /* nestedDataWithTypeMismatchOnImagesObject.json in Resources */ = {isa = PBXBuildFile; fileRef = 9F15EFC81DDDE857002A734F /* nestedDataWithTypeMismatchOnImagesObject.json */; };
		9F15EFD81DDDE857002A734F /* post.json in Resources */ = {isa = PBXBuildFile; fileRef = 9F15EFC91DDDE857002A734F /* post.json */; };
		9F15EFD91DDDE857002A734F /* primitives.json in Resources */ = {isa = PBXBuildFile; fileRef = 9F15EFCA1DDDE857002A734F /* primitives.json */; };
		9F15EFDA1DDDE857002A734F /* primitivesWithErrors.json in Resources */ = {isa = PBXBuildFile; fileRef = 9F15EFCB1DDDE857002A734F /* primitivesWithErrors.json */; };
		9F15EFDB1DDDE857002A734F /* specialPropertyName.json in Resources */ = {isa = PBXBuildFile; fileRef = 9F15EFCC1DDDE857002A734F /* specialPropertyName.json */; };
		9F15EFDC1DDDE857002A734F /* withOptProp.json in Resources */ = {isa = PBXBuildFile; fileRef = 9F15EFCD1DDDE857002A734F /* withOptProp.json */; };
		9F15EFDD1DDDE857002A734F /* withoutOptProp.json in Resources */ = {isa = PBXBuildFile; fileRef = 9F15EFCE1DDDE857002A734F /* withoutOptProp.json */; };
		9F15EFE01DDDEBF7002A734F /* ReposModel.m in Sources */ = {isa = PBXBuildFile; fileRef = 9F15EFDF1DDDEBF7002A734F /* ReposModel.m */; };
		9F15EFEC1DDE0549002A734F /* GithubRepoModel.m in Sources */ = {isa = PBXBuildFile; fileRef = 9F15EFEB1DDE0549002A734F /* GithubRepoModel.m */; };
		9F2E29811DDC4DF300A90011 /* AddImageView.m in Sources */ = {isa = PBXBuildFile; fileRef = 9F2E29801DDC4DF300A90011 /* AddImageView.m */; };
		9F2E29841DDC623400A90011 /* PickImageViewController.m in Sources */ = {isa = PBXBuildFile; fileRef = 9F2E29831DDC623400A90011 /* PickImageViewController.m */; };
		9F36ABD71DE58AFA00D15FE8 /* GCDMainViewController.m in Sources */ = {isa = PBXBuildFile; fileRef = 9F36ABD61DE58AFA00D15FE8 /* GCDMainViewController.m */; };
		9F3E02741EA88DD200E0767C /* UTThirdViewController.m in Sources */ = {isa = PBXBuildFile; fileRef = 9F3E02731EA88DD200E0767C /* UTThirdViewController.m */; };
		9F3E027B1EA8908B00E0767C /* CameraViewController.m in Sources */ = {isa = PBXBuildFile; fileRef = 9F3E027A1EA8908B00E0767C /* CameraViewController.m */; };
		9F3E027D1EA8A88700E0767C /* OpenGLES.framework in Frameworks */ = {isa = PBXBuildFile; fileRef = 9F3E027C1EA8A88700E0767C /* OpenGLES.framework */; };
		9F3E027F1EA9A78300E0767C /* MobileCoreServices.framework in Frameworks */ = {isa = PBXBuildFile; fileRef = 9F3E027E1EA9A78300E0767C /* MobileCoreServices.framework */; };
		9F3E028E1EA9DAEA00E0767C /* PlayStringViewController.m in Sources */ = {isa = PBXBuildFile; fileRef = 9F3E028C1EA9DAEA00E0767C /* PlayStringViewController.m */; };
		9F3E028F1EA9DAEA00E0767C /* PlayStringViewController.xib in Resources */ = {isa = PBXBuildFile; fileRef = 9F3E028D1EA9DAEA00E0767C /* PlayStringViewController.xib */; };
		9F6080431DD1D50D00B567D2 /* UTOptionbarDesignController.m in Sources */ = {isa = PBXBuildFile; fileRef = 9F6080421DD1D50D00B567D2 /* UTOptionbarDesignController.m */; };
		9F60804A1DD1DA6E00B567D2 /* UTOptionView.m in Sources */ = {isa = PBXBuildFile; fileRef = 9F6080491DD1DA6E00B567D2 /* UTOptionView.m */; };
		9F6080531DD1EA4500B567D2 /* UTOptionContentScrollView.m in Sources */ = {isa = PBXBuildFile; fileRef = 9F6080521DD1EA4500B567D2 /* UTOptionContentScrollView.m */; };
		9F6480661EB1957800CE364E /* MantleDemoViewController.m in Sources */ = {isa = PBXBuildFile; fileRef = 9F6480641EB1957800CE364E /* MantleDemoViewController.m */; };
		9F64806C1EB1B77900CE364E /* NoMantleViewController.m in Sources */ = {isa = PBXBuildFile; fileRef = 9F64806B1EB1B77900CE364E /* NoMantleViewController.m */; };
		9F64806F1EB1BFE900CE364E /* GHIssue.m in Sources */ = {isa = PBXBuildFile; fileRef = 9F64806E1EB1BFE900CE364E /* GHIssue.m */; };
		9F6480721EB1C16E00CE364E /* GHUser.m in Sources */ = {isa = PBXBuildFile; fileRef = 9F6480711EB1C16E00CE364E /* GHUser.m */; };
		9F6480751EB1D2EC00CE364E /* MantleViewController.m in Sources */ = {isa = PBXBuildFile; fileRef = 9F6480741EB1D2EC00CE364E /* MantleViewController.m */; };
		9F64807E1EB1D3CC00CE364E /* GHIssueMantle.m in Sources */ = {isa = PBXBuildFile; fileRef = 9F64807D1EB1D3CC00CE364E /* GHIssueMantle.m */; };
		9F6480811EB1D40B00CE364E /* GHUserMantle.m in Sources */ = {isa = PBXBuildFile; fileRef = 9F6480801EB1D40B00CE364E /* GHUserMantle.m */; };
		9F72BF631E8FD31E001B6E60 /* MultiLabelView.m in Sources */ = {isa = PBXBuildFile; fileRef = 9F72BF621E8FD31E001B6E60 /* MultiLabelView.m */; };
		9F7DBA1F1E272AB600A938D8 /* music-wqs.mp3 in Resources */ = {isa = PBXBuildFile; fileRef = 9F7DBA1E1E272AB600A938D8 /* music-wqs.mp3 */; };
		9F7DBA2A1E277ECA00A938D8 /* AVAudioPlayerView.m in Sources */ = {isa = PBXBuildFile; fileRef = 9F7DBA291E277ECA00A938D8 /* AVAudioPlayerView.m */; };
		9F7DBA2D1E277F0B00A938D8 /* FSAudioView.m in Sources */ = {isa = PBXBuildFile; fileRef = 9F7DBA2C1E277F0B00A938D8 /* FSAudioView.m */; };
		9F7DFEB61E263CAB00140046 /* UTAVController.m in Sources */ = {isa = PBXBuildFile; fileRef = 9F7DFEB51E263CAB00140046 /* UTAVController.m */; };
		9F80EDD61DEC0D69004272FF /* libsqlite3.tbd in Frameworks */ = {isa = PBXBuildFile; fileRef = 9F80EDD51DEC0D69004272FF /* libsqlite3.tbd */; };
		9F80EDDA1DEC4751004272FF /* CITestViewController.m in Sources */ = {isa = PBXBuildFile; fileRef = 9F80EDD91DEC4751004272FF /* CITestViewController.m */; };
		9F8E27881DF6C6B400AE01F0 /* AnimationViewController.m in Sources */ = {isa = PBXBuildFile; fileRef = 9F8E27871DF6C6B400AE01F0 /* AnimationViewController.m */; };
		9F8E278B1DF6EC1B00AE01F0 /* VWWWaterView.m in Sources */ = {isa = PBXBuildFile; fileRef = 9F8E278A1DF6EC1B00AE01F0 /* VWWWaterView.m */; };
		9F9B626A1DD77D7A004E8A12 /* PNChartViewController.m in Sources */ = {isa = PBXBuildFile; fileRef = 9F9B62691DD77D7A004E8A12 /* PNChartViewController.m */; };
		9F9E5AA81DF49F0700FD7FE2 /* HealthManagerViewController.m in Sources */ = {isa = PBXBuildFile; fileRef = 9F9E5AA71DF49F0700FD7FE2 /* HealthManagerViewController.m */; };
		9FAF6E711DC97DBF00A206F5 /* UTPageController.m in Sources */ = {isa = PBXBuildFile; fileRef = 9FAF6E701DC97DBF00A206F5 /* UTPageController.m */; };
		9FAF6E751DC9B1DA00A206F5 /* UTSegmentedController.m in Sources */ = {isa = PBXBuildFile; fileRef = 9FAF6E741DC9B1DA00A206F5 /* UTSegmentedController.m */; };
		9FAF6E791DC9BE6A00A206F5 /* UTSliderController.m in Sources */ = {isa = PBXBuildFile; fileRef = 9FAF6E781DC9BE6A00A206F5 /* UTSliderController.m */; };
		9FAF6E7D1DC9D89A00A206F5 /* UTSwitchController.m in Sources */ = {isa = PBXBuildFile; fileRef = 9FAF6E7C1DC9D89A00A206F5 /* UTSwitchController.m */; };
		9FAF6E811DC9E85500A206F5 /* UTTextFieldController.m in Sources */ = {isa = PBXBuildFile; fileRef = 9FAF6E801DC9E85500A206F5 /* UTTextFieldController.m */; };
		9FC3CBE81DED7400003ED1CE /* DBManager.m in Sources */ = {isa = PBXBuildFile; fileRef = 9FC3CBE71DED7400003ED1CE /* DBManager.m */; };
		9FCC6CA51E0938F600F9D457 /* UTSearchController.m in Sources */ = {isa = PBXBuildFile; fileRef = 9FCC6CA41E0938F600F9D457 /* UTSearchController.m */; };
		9FCC6CA81E095B3300F9D457 /* SearchResultsViewController.m in Sources */ = {isa = PBXBuildFile; fileRef = 9FCC6CA71E095B3300F9D457 /* SearchResultsViewController.m */; };
		9FE1393B1DC8A0F1005908F9 /* UTButtonTestController.m in Sources */ = {isa = PBXBuildFile; fileRef = 9FE1393A1DC8A0F1005908F9 /* UTButtonTestController.m */; };
		9FE139421DC8E65E005908F9 /* UTDatePickerTestController.m in Sources */ = {isa = PBXBuildFile; fileRef = 9FE139411DC8E65E005908F9 /* UTDatePickerTestController.m */; };
		9FE1E2EF1EA9F68E00BC500E /* ConcurrentViewController.m in Sources */ = {isa = PBXBuildFile; fileRef = 9FE1E2ED1EA9F68E00BC500E /* ConcurrentViewController.m */; };
		9FE1E2F01EA9F68E00BC500E /* ConcurrentViewController.xib in Resources */ = {isa = PBXBuildFile; fileRef = 9FE1E2EE1EA9F68E00BC500E /* ConcurrentViewController.xib */; };
		9FF1A0AC1EADE8B60078AF92 /* Concurrent1ViewController.m in Sources */ = {isa = PBXBuildFile; fileRef = 9FF1A0AB1EADE8B60078AF92 /* Concurrent1ViewController.m */; };
		9FF810391EAF4164005B38B5 /* Concurrent2ViewController.m in Sources */ = {isa = PBXBuildFile; fileRef = 9FF810381EAF4164005B38B5 /* Concurrent2ViewController.m */; };
		9FF8103C1EAF51DE005B38B5 /* Concurrent3ViewController.m in Sources */ = {isa = PBXBuildFile; fileRef = 9FF8103B1EAF51DE005B38B5 /* Concurrent3ViewController.m */; };
		A76B5EE31DC8280200A21BA6 /* UTAAViewController.m in Sources */ = {isa = PBXBuildFile; fileRef = A76B5EE21DC8280200A21BA6 /* UTAAViewController.m */; };
		A76B5EE61DC8281800A21BA6 /* UTBBViewController.m in Sources */ = {isa = PBXBuildFile; fileRef = A76B5EE51DC8281800A21BA6 /* UTBBViewController.m */; };
		A76B5EEA1DC82D8400A21BA6 /* UTAAView.m in Sources */ = {isa = PBXBuildFile; fileRef = A76B5EE91DC82D8400A21BA6 /* UTAAView.m */; };
		A76B5EED1DC8317D00A21BA6 /* UTBBView.m in Sources */ = {isa = PBXBuildFile; fileRef = A76B5EEC1DC8317D00A21BA6 /* UTBBView.m */; };
		A76B5EF01DC873C200A21BA6 /* UTTwoViewController.m in Sources */ = {isa = PBXBuildFile; fileRef = A76B5EEF1DC873C200A21BA6 /* UTTwoViewController.m */; };
		A772662D1DC724B20026AA56 /* UTTableViewController.m in Sources */ = {isa = PBXBuildFile; fileRef = A772662C1DC724B20026AA56 /* UTTableViewController.m */; };
		A77266311DC72EEB0026AA56 /* UTSectionHeadView.m in Sources */ = {isa = PBXBuildFile; fileRef = A77266301DC72EEB0026AA56 /* UTSectionHeadView.m */; };
		A78EA0011DC3B0FB00DEB6E3 /* UTGestureViewController.m in Sources */ = {isa = PBXBuildFile; fileRef = A78EA0001DC3B0FB00DEB6E3 /* UTGestureViewController.m */; };
		A78EA0121DC65B1300DEB6E3 /* UTGestureView.m in Sources */ = {isa = PBXBuildFile; fileRef = A78EA00F1DC65B1300DEB6E3 /* UTGestureView.m */; };
		A78EA0131DC65B1300DEB6E3 /* UTTouchEventImageView.m in Sources */ = {isa = PBXBuildFile; fileRef = A78EA0111DC65B1300DEB6E3 /* UTTouchEventImageView.m */; };
		A78EA0191DC6664100DEB6E3 /* UTBasicGraphicsViewController.m in Sources */ = {isa = PBXBuildFile; fileRef = A78EA0181DC6664100DEB6E3 /* UTBasicGraphicsViewController.m */; };
		A78EA01C1DC66CE600DEB6E3 /* UTBasicGraphicsView.m in Sources */ = {isa = PBXBuildFile; fileRef = A78EA01B1DC66CE600DEB6E3 /* UTBasicGraphicsView.m */; };
		A79727D11DC3486C00058B6D /* AppDelegate.m in Sources */ = {isa = PBXBuildFile; fileRef = A79727BC1DC3486C00058B6D /* AppDelegate.m */; };
		A79727D21DC3486C00058B6D /* Assets.xcassets in Resources */ = {isa = PBXBuildFile; fileRef = A79727BD1DC3486C00058B6D /* Assets.xcassets */; };
		A79727D31DC3486C00058B6D /* LaunchScreen.storyboard in Resources */ = {isa = PBXBuildFile; fileRef = A79727BE1DC3486C00058B6D /* LaunchScreen.storyboard */; };
		A79727D41DC3486C00058B6D /* Main.storyboard in Resources */ = {isa = PBXBuildFile; fileRef = A79727C01DC3486C00058B6D /* Main.storyboard */; };
		A79727D51DC3486C00058B6D /* FitNavigationController.m in Sources */ = {isa = PBXBuildFile; fileRef = A79727C51DC3486C00058B6D /* FitNavigationController.m */; };
		A79727D61DC3486C00058B6D /* FitTabbarController.m in Sources */ = {isa = PBXBuildFile; fileRef = A79727C71DC3486C00058B6D /* FitTabbarController.m */; };
		A79727D71DC3486C00058B6D /* FitConsts.m in Sources */ = {isa = PBXBuildFile; fileRef = A79727CA1DC3486C00058B6D /* FitConsts.m */; };
		A79727D81DC3486C00058B6D /* Info.plist in Resources */ = {isa = PBXBuildFile; fileRef = A79727CB1DC3486C00058B6D /* Info.plist */; };
		A79727D91DC3486C00058B6D /* main.m in Sources */ = {isa = PBXBuildFile; fileRef = A79727CC1DC3486C00058B6D /* main.m */; };
		A79727DE1DC34DE000058B6D /* UTTouchEventViewController.m in Sources */ = {isa = PBXBuildFile; fileRef = A79727DD1DC34DE000058B6D /* UTTouchEventViewController.m */; };
		A79727EA1DC381B600058B6D /* UTOneViewController.m in Sources */ = {isa = PBXBuildFile; fileRef = A79727E91DC381B600058B6D /* UTOneViewController.m */; };
		F6F92235DFD8C1917898A95B /* libPods-ios-UITest.a in Frameworks */ = {isa = PBXBuildFile; fileRef = 2DB2D3C706457175D59485CD /* libPods-ios-UITest.a */; };
/* End PBXBuildFile section */

/* Begin PBXFileReference section */
		0F184C85200CA1B800CD19FC /* RacTestViewController.h */ = {isa = PBXFileReference; lastKnownFileType = sourcecode.c.h; path = RacTestViewController.h; sourceTree = "<group>"; };
		0F184C86200CA1B800CD19FC /* RacTestViewController.m */ = {isa = PBXFileReference; lastKnownFileType = sourcecode.c.objc; path = RacTestViewController.m; sourceTree = "<group>"; };
		0F184C87200CA1B800CD19FC /* RacTestViewController.xib */ = {isa = PBXFileReference; lastKnownFileType = file.xib; path = RacTestViewController.xib; sourceTree = "<group>"; };
		0F2537711FE37D3F0022506D /* PYTempViewController.h */ = {isa = PBXFileReference; lastKnownFileType = sourcecode.c.h; path = PYTempViewController.h; sourceTree = "<group>"; };
		0F2537721FE37D3F0022506D /* PYTempViewController.m */ = {isa = PBXFileReference; lastKnownFileType = sourcecode.c.objc; path = PYTempViewController.m; sourceTree = "<group>"; };
		0F30569620AA883B00001CDE /* MapDemoController.h */ = {isa = PBXFileReference; lastKnownFileType = sourcecode.c.h; path = MapDemoController.h; sourceTree = "<group>"; };
		0F30569720AA883B00001CDE /* MapDemoController.m */ = {isa = PBXFileReference; lastKnownFileType = sourcecode.c.objc; path = MapDemoController.m; sourceTree = "<group>"; };
		0F516B4D209BFEE100A0E6DA /* RunloopMainController.h */ = {isa = PBXFileReference; lastKnownFileType = sourcecode.c.h; path = RunloopMainController.h; sourceTree = "<group>"; };
		0F516B4E209BFEE100A0E6DA /* RunloopMainController.m */ = {isa = PBXFileReference; lastKnownFileType = sourcecode.c.objc; path = RunloopMainController.m; sourceTree = "<group>"; };
		0F53A4331FE3785C00761D6A /* PYSearchDemoController.h */ = {isa = PBXFileReference; lastKnownFileType = sourcecode.c.h; path = PYSearchDemoController.h; sourceTree = "<group>"; };
		0F53A4341FE3785C00761D6A /* PYSearchDemoController.m */ = {isa = PBXFileReference; lastKnownFileType = sourcecode.c.objc; path = PYSearchDemoController.m; sourceTree = "<group>"; };
		0F6C7B57209057E500AA4A6F /* FindMinMaxThread.h */ = {isa = PBXFileReference; lastKnownFileType = sourcecode.c.h; path = FindMinMaxThread.h; sourceTree = "<group>"; };
		0F6C7B58209057E500AA4A6F /* FindMinMaxThread.m */ = {isa = PBXFileReference; lastKnownFileType = sourcecode.c.objc; path = FindMinMaxThread.m; sourceTree = "<group>"; };
		0F74919E2084750200FE7AA2 /* TableViewOptController.h */ = {isa = PBXFileReference; fileEncoding = 4; lastKnownFileType = sourcecode.c.h; path = TableViewOptController.h; sourceTree = "<group>"; };
		0F74919F2084750200FE7AA2 /* TableViewOptController.m */ = {isa = PBXFileReference; fileEncoding = 4; lastKnownFileType = sourcecode.c.objc; path = TableViewOptController.m; sourceTree = "<group>"; };
		0F7491A2208475DB00FE7AA2 /* corner_circle@2x.png */ = {isa = PBXFileReference; lastKnownFileType = image.png; path = "corner_circle@2x.png"; sourceTree = "<group>"; };
		0F7491A3208475DB00FE7AA2 /* data.plist */ = {isa = PBXFileReference; fileEncoding = 4; lastKnownFileType = text.plist.xml; path = data.plist; sourceTree = "<group>"; };
		0F7491A4208475DB00FE7AA2 /* t_comments@2x.png */ = {isa = PBXFileReference; lastKnownFileType = image.png; path = "t_comments@2x.png"; sourceTree = "<group>"; };
		0F7491A5208475DB00FE7AA2 /* t_repost@2x.png */ = {isa = PBXFileReference; lastKnownFileType = image.png; path = "t_repost@2x.png"; sourceTree = "<group>"; };
		0F7491AA2084767000FE7AA2 /* UIView+Additions.m */ = {isa = PBXFileReference; fileEncoding = 4; lastKnownFileType = sourcecode.c.objc; path = "UIView+Additions.m"; sourceTree = "<group>"; };
		0F7491AB2084767100FE7AA2 /* NSString+Additions.h */ = {isa = PBXFileReference; fileEncoding = 4; lastKnownFileType = sourcecode.c.h; path = "NSString+Additions.h"; sourceTree = "<group>"; };
		0F7491AC2084767100FE7AA2 /* UIScreen+Additions.m */ = {isa = PBXFileReference; fileEncoding = 4; lastKnownFileType = sourcecode.c.objc; path = "UIScreen+Additions.m"; sourceTree = "<group>"; };
		0F7491AD2084767100FE7AA2 /* NSString+Additions.m */ = {isa = PBXFileReference; fileEncoding = 4; lastKnownFileType = sourcecode.c.objc; path = "NSString+Additions.m"; sourceTree = "<group>"; };
		0F7491AE2084767100FE7AA2 /* UIScreen+Additions.h */ = {isa = PBXFileReference; fileEncoding = 4; lastKnownFileType = sourcecode.c.h; path = "UIScreen+Additions.h"; sourceTree = "<group>"; };
		0F7491AF2084767100FE7AA2 /* UIView+Additions.h */ = {isa = PBXFileReference; fileEncoding = 4; lastKnownFileType = sourcecode.c.h; path = "UIView+Additions.h"; sourceTree = "<group>"; };
		0F7491B62084822E00FE7AA2 /* OptTableViewCell.h */ = {isa = PBXFileReference; lastKnownFileType = sourcecode.c.h; path = OptTableViewCell.h; sourceTree = "<group>"; };
		0F7491B72084822E00FE7AA2 /* OptTableViewCell.m */ = {isa = PBXFileReference; lastKnownFileType = sourcecode.c.objc; path = OptTableViewCell.m; sourceTree = "<group>"; };
		0F7491B920849F2100FE7AA2 /* GenerateDatas.h */ = {isa = PBXFileReference; lastKnownFileType = sourcecode.c.h; path = GenerateDatas.h; sourceTree = "<group>"; };
		0F7491BA20849F2100FE7AA2 /* GenerateDatas.m */ = {isa = PBXFileReference; lastKnownFileType = sourcecode.c.objc; path = GenerateDatas.m; sourceTree = "<group>"; };
		0FAAB23220BCFCF300D0D839 /* PhotoMasterController.h */ = {isa = PBXFileReference; lastKnownFileType = sourcecode.c.h; path = PhotoMasterController.h; sourceTree = "<group>"; };
		0FAAB23320BCFCF300D0D839 /* PhotoMasterController.m */ = {isa = PBXFileReference; lastKnownFileType = sourcecode.c.objc; path = PhotoMasterController.m; sourceTree = "<group>"; };
		0FAAB23420BCFCF300D0D839 /* PhotoMasterController.xib */ = {isa = PBXFileReference; lastKnownFileType = file.xib; path = PhotoMasterController.xib; sourceTree = "<group>"; };
		0FB4C0CF20BB933000146768 /* ImageIOController.h */ = {isa = PBXFileReference; lastKnownFileType = sourcecode.c.h; path = ImageIOController.h; sourceTree = "<group>"; };
		0FB4C0D020BB933000146768 /* ImageIOController.m */ = {isa = PBXFileReference; lastKnownFileType = sourcecode.c.objc; path = ImageIOController.m; sourceTree = "<group>"; };
		0FB4C0D120BB933000146768 /* ImageIOController.xib */ = {isa = PBXFileReference; lastKnownFileType = file.xib; path = ImageIOController.xib; sourceTree = "<group>"; };
		0FB4C0D620BBA1D100146768 /* images */ = {isa = PBXFileReference; lastKnownFileType = folder; path = images; sourceTree = "<group>"; };
		0FB4C0D920BBE99700146768 /* URLSessionController.h */ = {isa = PBXFileReference; lastKnownFileType = sourcecode.c.h; path = URLSessionController.h; sourceTree = "<group>"; };
		0FB4C0DA20BBE99700146768 /* URLSessionController.m */ = {isa = PBXFileReference; lastKnownFileType = sourcecode.c.objc; path = URLSessionController.m; sourceTree = "<group>"; };
		0FB4C0DB20BBE99700146768 /* URLSessionController.xib */ = {isa = PBXFileReference; lastKnownFileType = file.xib; path = URLSessionController.xib; sourceTree = "<group>"; };
		0FF79C20208596770039ED50 /* CTMainController.h */ = {isa = PBXFileReference; lastKnownFileType = sourcecode.c.h; path = CTMainController.h; sourceTree = "<group>"; };
		0FF79C21208596770039ED50 /* CTMainController.m */ = {isa = PBXFileReference; lastKnownFileType = sourcecode.c.objc; path = CTMainController.m; sourceTree = "<group>"; };
		0FF79C22208596770039ED50 /* CTMainController.xib */ = {isa = PBXFileReference; lastKnownFileType = file.xib; path = CTMainController.xib; sourceTree = "<group>"; };
		0FF79C25208596A10039ED50 /* CTDisplayView.h */ = {isa = PBXFileReference; lastKnownFileType = sourcecode.c.h; path = CTDisplayView.h; sourceTree = "<group>"; };
		0FF79C26208596A10039ED50 /* CTDisplayView.m */ = {isa = PBXFileReference; lastKnownFileType = sourcecode.c.objc; path = CTDisplayView.m; sourceTree = "<group>"; };
		0FF79C2820859DDF0039ED50 /* ios-UITest-Prefix.pch */ = {isa = PBXFileReference; lastKnownFileType = sourcecode.c.h; path = "ios-UITest-Prefix.pch"; sourceTree = "<group>"; };
		2DB2D3C706457175D59485CD /* libPods-ios-UITest.a */ = {isa = PBXFileReference; explicitFileType = archive.ar; includeInIndex = 0; path = "libPods-ios-UITest.a"; sourceTree = BUILT_PRODUCTS_DIR; };
		8273556AB065D292BED8FD96 /* Pods-ios-UITest.release.xcconfig */ = {isa = PBXFileReference; includeInIndex = 1; lastKnownFileType = text.xcconfig; name = "Pods-ios-UITest.release.xcconfig"; path = "Pods/Target Support Files/Pods-ios-UITest/Pods-ios-UITest.release.xcconfig"; sourceTree = "<group>"; };
		9F15EF9E1DDD4275002A734F /* AssetPickerViewController.h */ = {isa = PBXFileReference; fileEncoding = 4; lastKnownFileType = sourcecode.c.h; path = AssetPickerViewController.h; sourceTree = "<group>"; };
		9F15EF9F1DDD4275002A734F /* AssetPickerViewController.m */ = {isa = PBXFileReference; fileEncoding = 4; lastKnownFileType = sourcecode.c.objc; path = AssetPickerViewController.m; sourceTree = "<group>"; };
		9F15EFA11DDD5A95002A734F /* AssetPickTestViewController.h */ = {isa = PBXFileReference; fileEncoding = 4; lastKnownFileType = sourcecode.c.h; path = AssetPickTestViewController.h; sourceTree = "<group>"; };
		9F15EFA21DDD5A95002A734F /* AssetPickTestViewController.m */ = {isa = PBXFileReference; fileEncoding = 4; lastKnownFileType = sourcecode.c.objc; path = AssetPickTestViewController.m; sourceTree = "<group>"; };
		9F15EFBC1DDDC3A7002A734F /* JsonModelTestViewController.h */ = {isa = PBXFileReference; fileEncoding = 4; lastKnownFileType = sourcecode.c.h; path = JsonModelTestViewController.h; sourceTree = "<group>"; };
		9F15EFBD1DDDC3A7002A734F /* JsonModelTestViewController.m */ = {isa = PBXFileReference; fileEncoding = 4; lastKnownFileType = sourcecode.c.objc; path = JsonModelTestViewController.m; sourceTree = "<group>"; };
		9F15EFC01DDDE857002A734F /* colors.json */ = {isa = PBXFileReference; fileEncoding = 4; lastKnownFileType = text.json; path = colors.json; sourceTree = "<group>"; };
		9F15EFC11DDDE857002A734F /* converts.json */ = {isa = PBXFileReference; fileEncoding = 4; lastKnownFileType = text.json; path = converts.json; sourceTree = "<group>"; };
		9F15EFC21DDDE857002A734F /* github-iphone.json */ = {isa = PBXFileReference; fileEncoding = 4; lastKnownFileType = text.json; path = "github-iphone.json"; sourceTree = "<group>"; };
		9F15EFC31DDDE857002A734F /* jsonTypes.json */ = {isa = PBXFileReference; fileEncoding = 4; lastKnownFileType = text.json; path = jsonTypes.json; sourceTree = "<group>"; };
		9F15EFC41DDDE857002A734F /* nestedData.json */ = {isa = PBXFileReference; fileEncoding = 4; lastKnownFileType = text.json; path = nestedData.json; sourceTree = "<group>"; };
		9F15EFC51DDDE857002A734F /* nestedDataWithArrayError.json */ = {isa = PBXFileReference; fileEncoding = 4; lastKnownFileType = text.json; path = nestedDataWithArrayError.json; sourceTree = "<group>"; };
		9F15EFC61DDDE857002A734F /* nestedDataWithDictionaryError.json */ = {isa = PBXFileReference; fileEncoding = 4; lastKnownFileType = text.json; path = nestedDataWithDictionaryError.json; sourceTree = "<group>"; };
		9F15EFC71DDDE857002A734F /* nestedDataWithTypeMismatchOnImages.json */ = {isa = PBXFileReference; fileEncoding = 4; lastKnownFileType = text.json; path = nestedDataWithTypeMismatchOnImages.json; sourceTree = "<group>"; };
		9F15EFC81DDDE857002A734F /* nestedDataWithTypeMismatchOnImagesObject.json */ = {isa = PBXFileReference; fileEncoding = 4; lastKnownFileType = text.json; path = nestedDataWithTypeMismatchOnImagesObject.json; sourceTree = "<group>"; };
		9F15EFC91DDDE857002A734F /* post.json */ = {isa = PBXFileReference; fileEncoding = 4; lastKnownFileType = text.json; path = post.json; sourceTree = "<group>"; };
		9F15EFCA1DDDE857002A734F /* primitives.json */ = {isa = PBXFileReference; fileEncoding = 4; lastKnownFileType = text.json; path = primitives.json; sourceTree = "<group>"; };
		9F15EFCB1DDDE857002A734F /* primitivesWithErrors.json */ = {isa = PBXFileReference; fileEncoding = 4; lastKnownFileType = text.json; path = primitivesWithErrors.json; sourceTree = "<group>"; };
		9F15EFCC1DDDE857002A734F /* specialPropertyName.json */ = {isa = PBXFileReference; fileEncoding = 4; lastKnownFileType = text.json; path = specialPropertyName.json; sourceTree = "<group>"; };
		9F15EFCD1DDDE857002A734F /* withOptProp.json */ = {isa = PBXFileReference; fileEncoding = 4; lastKnownFileType = text.json; path = withOptProp.json; sourceTree = "<group>"; };
		9F15EFCE1DDDE857002A734F /* withoutOptProp.json */ = {isa = PBXFileReference; fileEncoding = 4; lastKnownFileType = text.json; path = withoutOptProp.json; sourceTree = "<group>"; };
		9F15EFDE1DDDEBF7002A734F /* ReposModel.h */ = {isa = PBXFileReference; fileEncoding = 4; lastKnownFileType = sourcecode.c.h; path = ReposModel.h; sourceTree = "<group>"; };
		9F15EFDF1DDDEBF7002A734F /* ReposModel.m */ = {isa = PBXFileReference; fileEncoding = 4; lastKnownFileType = sourcecode.c.objc; path = ReposModel.m; sourceTree = "<group>"; };
		9F15EFEA1DDE0549002A734F /* GithubRepoModel.h */ = {isa = PBXFileReference; fileEncoding = 4; lastKnownFileType = sourcecode.c.h; path = GithubRepoModel.h; sourceTree = "<group>"; };
		9F15EFEB1DDE0549002A734F /* GithubRepoModel.m */ = {isa = PBXFileReference; fileEncoding = 4; lastKnownFileType = sourcecode.c.objc; path = GithubRepoModel.m; sourceTree = "<group>"; };
		9F2E297F1DDC4DF300A90011 /* AddImageView.h */ = {isa = PBXFileReference; fileEncoding = 4; lastKnownFileType = sourcecode.c.h; path = AddImageView.h; sourceTree = "<group>"; };
		9F2E29801DDC4DF300A90011 /* AddImageView.m */ = {isa = PBXFileReference; fileEncoding = 4; lastKnownFileType = sourcecode.c.objc; path = AddImageView.m; sourceTree = "<group>"; };
		9F2E29821DDC623400A90011 /* PickImageViewController.h */ = {isa = PBXFileReference; fileEncoding = 4; lastKnownFileType = sourcecode.c.h; path = PickImageViewController.h; sourceTree = "<group>"; };
		9F2E29831DDC623400A90011 /* PickImageViewController.m */ = {isa = PBXFileReference; fileEncoding = 4; lastKnownFileType = sourcecode.c.objc; path = PickImageViewController.m; sourceTree = "<group>"; };
		9F36ABD51DE58AFA00D15FE8 /* GCDMainViewController.h */ = {isa = PBXFileReference; fileEncoding = 4; lastKnownFileType = sourcecode.c.h; path = GCDMainViewController.h; sourceTree = "<group>"; };
		9F36ABD61DE58AFA00D15FE8 /* GCDMainViewController.m */ = {isa = PBXFileReference; fileEncoding = 4; lastKnownFileType = sourcecode.c.objc; path = GCDMainViewController.m; sourceTree = "<group>"; };
		9F3E02721EA88DD200E0767C /* UTThirdViewController.h */ = {isa = PBXFileReference; fileEncoding = 4; lastKnownFileType = sourcecode.c.h; path = UTThirdViewController.h; sourceTree = "<group>"; };
		9F3E02731EA88DD200E0767C /* UTThirdViewController.m */ = {isa = PBXFileReference; fileEncoding = 4; lastKnownFileType = sourcecode.c.objc; path = UTThirdViewController.m; sourceTree = "<group>"; };
		9F3E02791EA8908B00E0767C /* CameraViewController.h */ = {isa = PBXFileReference; fileEncoding = 4; lastKnownFileType = sourcecode.c.h; path = CameraViewController.h; sourceTree = "<group>"; };
		9F3E027A1EA8908B00E0767C /* CameraViewController.m */ = {isa = PBXFileReference; fileEncoding = 4; lastKnownFileType = sourcecode.c.objc; path = CameraViewController.m; sourceTree = "<group>"; };
		9F3E027C1EA8A88700E0767C /* OpenGLES.framework */ = {isa = PBXFileReference; lastKnownFileType = wrapper.framework; name = OpenGLES.framework; path = System/Library/Frameworks/OpenGLES.framework; sourceTree = SDKROOT; };
		9F3E027E1EA9A78300E0767C /* MobileCoreServices.framework */ = {isa = PBXFileReference; lastKnownFileType = wrapper.framework; name = MobileCoreServices.framework; path = System/Library/Frameworks/MobileCoreServices.framework; sourceTree = SDKROOT; };
		9F3E028B1EA9DAEA00E0767C /* PlayStringViewController.h */ = {isa = PBXFileReference; fileEncoding = 4; lastKnownFileType = sourcecode.c.h; path = PlayStringViewController.h; sourceTree = "<group>"; };
		9F3E028C1EA9DAEA00E0767C /* PlayStringViewController.m */ = {isa = PBXFileReference; fileEncoding = 4; lastKnownFileType = sourcecode.c.objc; path = PlayStringViewController.m; sourceTree = "<group>"; };
		9F3E028D1EA9DAEA00E0767C /* PlayStringViewController.xib */ = {isa = PBXFileReference; fileEncoding = 4; lastKnownFileType = file.xib; path = PlayStringViewController.xib; sourceTree = "<group>"; };
		9F6080411DD1D50D00B567D2 /* UTOptionbarDesignController.h */ = {isa = PBXFileReference; fileEncoding = 4; lastKnownFileType = sourcecode.c.h; path = UTOptionbarDesignController.h; sourceTree = "<group>"; };
		9F6080421DD1D50D00B567D2 /* UTOptionbarDesignController.m */ = {isa = PBXFileReference; fileEncoding = 4; lastKnownFileType = sourcecode.c.objc; path = UTOptionbarDesignController.m; sourceTree = "<group>"; };
		9F6080481DD1DA6E00B567D2 /* UTOptionView.h */ = {isa = PBXFileReference; fileEncoding = 4; lastKnownFileType = sourcecode.c.h; path = UTOptionView.h; sourceTree = "<group>"; };
		9F6080491DD1DA6E00B567D2 /* UTOptionView.m */ = {isa = PBXFileReference; fileEncoding = 4; lastKnownFileType = sourcecode.c.objc; path = UTOptionView.m; sourceTree = "<group>"; };
		9F6080511DD1EA4500B567D2 /* UTOptionContentScrollView.h */ = {isa = PBXFileReference; fileEncoding = 4; lastKnownFileType = sourcecode.c.h; path = UTOptionContentScrollView.h; sourceTree = "<group>"; };
		9F6080521DD1EA4500B567D2 /* UTOptionContentScrollView.m */ = {isa = PBXFileReference; fileEncoding = 4; lastKnownFileType = sourcecode.c.objc; path = UTOptionContentScrollView.m; sourceTree = "<group>"; };
		9F6480631EB1957800CE364E /* MantleDemoViewController.h */ = {isa = PBXFileReference; fileEncoding = 4; lastKnownFileType = sourcecode.c.h; path = MantleDemoViewController.h; sourceTree = "<group>"; };
		9F6480641EB1957800CE364E /* MantleDemoViewController.m */ = {isa = PBXFileReference; fileEncoding = 4; lastKnownFileType = sourcecode.c.objc; path = MantleDemoViewController.m; sourceTree = "<group>"; };
		9F64806A1EB1B77900CE364E /* NoMantleViewController.h */ = {isa = PBXFileReference; fileEncoding = 4; lastKnownFileType = sourcecode.c.h; path = NoMantleViewController.h; sourceTree = "<group>"; };
		9F64806B1EB1B77900CE364E /* NoMantleViewController.m */ = {isa = PBXFileReference; fileEncoding = 4; lastKnownFileType = sourcecode.c.objc; path = NoMantleViewController.m; sourceTree = "<group>"; };
		9F64806D1EB1BFE900CE364E /* GHIssue.h */ = {isa = PBXFileReference; fileEncoding = 4; lastKnownFileType = sourcecode.c.h; path = GHIssue.h; sourceTree = "<group>"; };
		9F64806E1EB1BFE900CE364E /* GHIssue.m */ = {isa = PBXFileReference; fileEncoding = 4; lastKnownFileType = sourcecode.c.objc; path = GHIssue.m; sourceTree = "<group>"; };
		9F6480701EB1C16E00CE364E /* GHUser.h */ = {isa = PBXFileReference; fileEncoding = 4; lastKnownFileType = sourcecode.c.h; path = GHUser.h; sourceTree = "<group>"; };
		9F6480711EB1C16E00CE364E /* GHUser.m */ = {isa = PBXFileReference; fileEncoding = 4; lastKnownFileType = sourcecode.c.objc; path = GHUser.m; sourceTree = "<group>"; };
		9F6480731EB1D2EC00CE364E /* MantleViewController.h */ = {isa = PBXFileReference; fileEncoding = 4; lastKnownFileType = sourcecode.c.h; path = MantleViewController.h; sourceTree = "<group>"; };
		9F6480741EB1D2EC00CE364E /* MantleViewController.m */ = {isa = PBXFileReference; fileEncoding = 4; lastKnownFileType = sourcecode.c.objc; path = MantleViewController.m; sourceTree = "<group>"; };
		9F64807C1EB1D3CC00CE364E /* GHIssueMantle.h */ = {isa = PBXFileReference; fileEncoding = 4; lastKnownFileType = sourcecode.c.h; path = GHIssueMantle.h; sourceTree = "<group>"; };
		9F64807D1EB1D3CC00CE364E /* GHIssueMantle.m */ = {isa = PBXFileReference; fileEncoding = 4; lastKnownFileType = sourcecode.c.objc; path = GHIssueMantle.m; sourceTree = "<group>"; };
		9F64807F1EB1D40B00CE364E /* GHUserMantle.h */ = {isa = PBXFileReference; fileEncoding = 4; lastKnownFileType = sourcecode.c.h; path = GHUserMantle.h; sourceTree = "<group>"; };
		9F6480801EB1D40B00CE364E /* GHUserMantle.m */ = {isa = PBXFileReference; fileEncoding = 4; lastKnownFileType = sourcecode.c.objc; path = GHUserMantle.m; sourceTree = "<group>"; };
		9F72BF611E8FD31E001B6E60 /* MultiLabelView.h */ = {isa = PBXFileReference; fileEncoding = 4; lastKnownFileType = sourcecode.c.h; path = MultiLabelView.h; sourceTree = "<group>"; };
		9F72BF621E8FD31E001B6E60 /* MultiLabelView.m */ = {isa = PBXFileReference; fileEncoding = 4; lastKnownFileType = sourcecode.c.objc; path = MultiLabelView.m; sourceTree = "<group>"; };
		9F7DBA1E1E272AB600A938D8 /* music-wqs.mp3 */ = {isa = PBXFileReference; lastKnownFileType = audio.mp3; path = "music-wqs.mp3"; sourceTree = "<group>"; };
		9F7DBA281E277ECA00A938D8 /* AVAudioPlayerView.h */ = {isa = PBXFileReference; fileEncoding = 4; lastKnownFileType = sourcecode.c.h; path = AVAudioPlayerView.h; sourceTree = "<group>"; };
		9F7DBA291E277ECA00A938D8 /* AVAudioPlayerView.m */ = {isa = PBXFileReference; fileEncoding = 4; lastKnownFileType = sourcecode.c.objc; path = AVAudioPlayerView.m; sourceTree = "<group>"; };
		9F7DBA2B1E277F0B00A938D8 /* FSAudioView.h */ = {isa = PBXFileReference; fileEncoding = 4; lastKnownFileType = sourcecode.c.h; path = FSAudioView.h; sourceTree = "<group>"; };
		9F7DBA2C1E277F0B00A938D8 /* FSAudioView.m */ = {isa = PBXFileReference; fileEncoding = 4; lastKnownFileType = sourcecode.c.objc; path = FSAudioView.m; sourceTree = "<group>"; };
		9F7DFEB41E263CAB00140046 /* UTAVController.h */ = {isa = PBXFileReference; fileEncoding = 4; lastKnownFileType = sourcecode.c.h; path = UTAVController.h; sourceTree = "<group>"; };
		9F7DFEB51E263CAB00140046 /* UTAVController.m */ = {isa = PBXFileReference; fileEncoding = 4; lastKnownFileType = sourcecode.c.objc; path = UTAVController.m; sourceTree = "<group>"; };
		9F80EDD51DEC0D69004272FF /* libsqlite3.tbd */ = {isa = PBXFileReference; lastKnownFileType = "sourcecode.text-based-dylib-definition"; name = libsqlite3.tbd; path = usr/lib/libsqlite3.tbd; sourceTree = SDKROOT; };
		9F80EDD81DEC4751004272FF /* CITestViewController.h */ = {isa = PBXFileReference; fileEncoding = 4; lastKnownFileType = sourcecode.c.h; path = CITestViewController.h; sourceTree = "<group>"; };
		9F80EDD91DEC4751004272FF /* CITestViewController.m */ = {isa = PBXFileReference; fileEncoding = 4; lastKnownFileType = sourcecode.c.objc; path = CITestViewController.m; sourceTree = "<group>"; };
		9F8E27861DF6C6B400AE01F0 /* AnimationViewController.h */ = {isa = PBXFileReference; fileEncoding = 4; lastKnownFileType = sourcecode.c.h; path = AnimationViewController.h; sourceTree = "<group>"; };
		9F8E27871DF6C6B400AE01F0 /* AnimationViewController.m */ = {isa = PBXFileReference; fileEncoding = 4; lastKnownFileType = sourcecode.c.objc; path = AnimationViewController.m; sourceTree = "<group>"; };
		9F8E27891DF6EC1B00AE01F0 /* VWWWaterView.h */ = {isa = PBXFileReference; fileEncoding = 4; lastKnownFileType = sourcecode.c.h; path = VWWWaterView.h; sourceTree = "<group>"; };
		9F8E278A1DF6EC1B00AE01F0 /* VWWWaterView.m */ = {isa = PBXFileReference; fileEncoding = 4; lastKnownFileType = sourcecode.c.objc; path = VWWWaterView.m; sourceTree = "<group>"; };
		9F9B62681DD77D7A004E8A12 /* PNChartViewController.h */ = {isa = PBXFileReference; fileEncoding = 4; lastKnownFileType = sourcecode.c.h; path = PNChartViewController.h; sourceTree = "<group>"; };
		9F9B62691DD77D7A004E8A12 /* PNChartViewController.m */ = {isa = PBXFileReference; fileEncoding = 4; lastKnownFileType = sourcecode.c.objc; path = PNChartViewController.m; sourceTree = "<group>"; };
		9F9E5AA61DF49F0700FD7FE2 /* HealthManagerViewController.h */ = {isa = PBXFileReference; fileEncoding = 4; lastKnownFileType = sourcecode.c.h; path = HealthManagerViewController.h; sourceTree = "<group>"; };
		9F9E5AA71DF49F0700FD7FE2 /* HealthManagerViewController.m */ = {isa = PBXFileReference; fileEncoding = 4; lastKnownFileType = sourcecode.c.objc; path = HealthManagerViewController.m; sourceTree = "<group>"; };
		9FAF6E6F1DC97DBF00A206F5 /* UTPageController.h */ = {isa = PBXFileReference; fileEncoding = 4; lastKnownFileType = sourcecode.c.h; path = UTPageController.h; sourceTree = "<group>"; };
		9FAF6E701DC97DBF00A206F5 /* UTPageController.m */ = {isa = PBXFileReference; fileEncoding = 4; lastKnownFileType = sourcecode.c.objc; path = UTPageController.m; sourceTree = "<group>"; };
		9FAF6E731DC9B1DA00A206F5 /* UTSegmentedController.h */ = {isa = PBXFileReference; fileEncoding = 4; lastKnownFileType = sourcecode.c.h; path = UTSegmentedController.h; sourceTree = "<group>"; };
		9FAF6E741DC9B1DA00A206F5 /* UTSegmentedController.m */ = {isa = PBXFileReference; fileEncoding = 4; lastKnownFileType = sourcecode.c.objc; path = UTSegmentedController.m; sourceTree = "<group>"; };
		9FAF6E771DC9BE6A00A206F5 /* UTSliderController.h */ = {isa = PBXFileReference; fileEncoding = 4; lastKnownFileType = sourcecode.c.h; path = UTSliderController.h; sourceTree = "<group>"; };
		9FAF6E781DC9BE6A00A206F5 /* UTSliderController.m */ = {isa = PBXFileReference; fileEncoding = 4; lastKnownFileType = sourcecode.c.objc; path = UTSliderController.m; sourceTree = "<group>"; };
		9FAF6E7B1DC9D89A00A206F5 /* UTSwitchController.h */ = {isa = PBXFileReference; fileEncoding = 4; lastKnownFileType = sourcecode.c.h; path = UTSwitchController.h; sourceTree = "<group>"; };
		9FAF6E7C1DC9D89A00A206F5 /* UTSwitchController.m */ = {isa = PBXFileReference; fileEncoding = 4; lastKnownFileType = sourcecode.c.objc; path = UTSwitchController.m; sourceTree = "<group>"; };
		9FAF6E7F1DC9E85500A206F5 /* UTTextFieldController.h */ = {isa = PBXFileReference; fileEncoding = 4; lastKnownFileType = sourcecode.c.h; path = UTTextFieldController.h; sourceTree = "<group>"; };
		9FAF6E801DC9E85500A206F5 /* UTTextFieldController.m */ = {isa = PBXFileReference; fileEncoding = 4; lastKnownFileType = sourcecode.c.objc; path = UTTextFieldController.m; sourceTree = "<group>"; };
		9FC3CBE61DED7400003ED1CE /* DBManager.h */ = {isa = PBXFileReference; fileEncoding = 4; lastKnownFileType = sourcecode.c.h; path = DBManager.h; sourceTree = "<group>"; };
		9FC3CBE71DED7400003ED1CE /* DBManager.m */ = {isa = PBXFileReference; fileEncoding = 4; lastKnownFileType = sourcecode.c.objc; path = DBManager.m; sourceTree = "<group>"; };
		9FCC6CA31E0938F600F9D457 /* UTSearchController.h */ = {isa = PBXFileReference; fileEncoding = 4; lastKnownFileType = sourcecode.c.h; path = UTSearchController.h; sourceTree = "<group>"; };
		9FCC6CA41E0938F600F9D457 /* UTSearchController.m */ = {isa = PBXFileReference; fileEncoding = 4; lastKnownFileType = sourcecode.c.objc; path = UTSearchController.m; sourceTree = "<group>"; };
		9FCC6CA61E095B3300F9D457 /* SearchResultsViewController.h */ = {isa = PBXFileReference; fileEncoding = 4; lastKnownFileType = sourcecode.c.h; path = SearchResultsViewController.h; sourceTree = "<group>"; };
		9FCC6CA71E095B3300F9D457 /* SearchResultsViewController.m */ = {isa = PBXFileReference; fileEncoding = 4; lastKnownFileType = sourcecode.c.objc; path = SearchResultsViewController.m; sourceTree = "<group>"; };
		9FE139391DC8A0F1005908F9 /* UTButtonTestController.h */ = {isa = PBXFileReference; fileEncoding = 4; lastKnownFileType = sourcecode.c.h; path = UTButtonTestController.h; sourceTree = "<group>"; };
		9FE1393A1DC8A0F1005908F9 /* UTButtonTestController.m */ = {isa = PBXFileReference; fileEncoding = 4; lastKnownFileType = sourcecode.c.objc; path = UTButtonTestController.m; sourceTree = "<group>"; };
		9FE139401DC8E65E005908F9 /* UTDatePickerTestController.h */ = {isa = PBXFileReference; fileEncoding = 4; lastKnownFileType = sourcecode.c.h; path = UTDatePickerTestController.h; sourceTree = "<group>"; };
		9FE139411DC8E65E005908F9 /* UTDatePickerTestController.m */ = {isa = PBXFileReference; fileEncoding = 4; lastKnownFileType = sourcecode.c.objc; path = UTDatePickerTestController.m; sourceTree = "<group>"; };
		9FE1E2EC1EA9F68E00BC500E /* ConcurrentViewController.h */ = {isa = PBXFileReference; fileEncoding = 4; lastKnownFileType = sourcecode.c.h; path = ConcurrentViewController.h; sourceTree = "<group>"; };
		9FE1E2ED1EA9F68E00BC500E /* ConcurrentViewController.m */ = {isa = PBXFileReference; fileEncoding = 4; lastKnownFileType = sourcecode.c.objc; path = ConcurrentViewController.m; sourceTree = "<group>"; };
		9FE1E2EE1EA9F68E00BC500E /* ConcurrentViewController.xib */ = {isa = PBXFileReference; fileEncoding = 4; lastKnownFileType = file.xib; path = ConcurrentViewController.xib; sourceTree = "<group>"; };
		9FF1A0AA1EADE8B60078AF92 /* Concurrent1ViewController.h */ = {isa = PBXFileReference; fileEncoding = 4; lastKnownFileType = sourcecode.c.h; path = Concurrent1ViewController.h; sourceTree = "<group>"; };
		9FF1A0AB1EADE8B60078AF92 /* Concurrent1ViewController.m */ = {isa = PBXFileReference; fileEncoding = 4; lastKnownFileType = sourcecode.c.objc; path = Concurrent1ViewController.m; sourceTree = "<group>"; };
		9FF810371EAF4164005B38B5 /* Concurrent2ViewController.h */ = {isa = PBXFileReference; fileEncoding = 4; lastKnownFileType = sourcecode.c.h; path = Concurrent2ViewController.h; sourceTree = "<group>"; };
		9FF810381EAF4164005B38B5 /* Concurrent2ViewController.m */ = {isa = PBXFileReference; fileEncoding = 4; lastKnownFileType = sourcecode.c.objc; path = Concurrent2ViewController.m; sourceTree = "<group>"; };
		9FF8103A1EAF51DE005B38B5 /* Concurrent3ViewController.h */ = {isa = PBXFileReference; fileEncoding = 4; lastKnownFileType = sourcecode.c.h; path = Concurrent3ViewController.h; sourceTree = "<group>"; };
		9FF8103B1EAF51DE005B38B5 /* Concurrent3ViewController.m */ = {isa = PBXFileReference; fileEncoding = 4; lastKnownFileType = sourcecode.c.objc; path = Concurrent3ViewController.m; sourceTree = "<group>"; };
		A76B5EE11DC8280200A21BA6 /* UTAAViewController.h */ = {isa = PBXFileReference; fileEncoding = 4; lastKnownFileType = sourcecode.c.h; path = UTAAViewController.h; sourceTree = "<group>"; };
		A76B5EE21DC8280200A21BA6 /* UTAAViewController.m */ = {isa = PBXFileReference; fileEncoding = 4; lastKnownFileType = sourcecode.c.objc; path = UTAAViewController.m; sourceTree = "<group>"; };
		A76B5EE41DC8281800A21BA6 /* UTBBViewController.h */ = {isa = PBXFileReference; fileEncoding = 4; lastKnownFileType = sourcecode.c.h; path = UTBBViewController.h; sourceTree = "<group>"; };
		A76B5EE51DC8281800A21BA6 /* UTBBViewController.m */ = {isa = PBXFileReference; fileEncoding = 4; lastKnownFileType = sourcecode.c.objc; path = UTBBViewController.m; sourceTree = "<group>"; };
		A76B5EE81DC82D8400A21BA6 /* UTAAView.h */ = {isa = PBXFileReference; fileEncoding = 4; lastKnownFileType = sourcecode.c.h; path = UTAAView.h; sourceTree = "<group>"; };
		A76B5EE91DC82D8400A21BA6 /* UTAAView.m */ = {isa = PBXFileReference; fileEncoding = 4; lastKnownFileType = sourcecode.c.objc; path = UTAAView.m; sourceTree = "<group>"; };
		A76B5EEB1DC8317D00A21BA6 /* UTBBView.h */ = {isa = PBXFileReference; fileEncoding = 4; lastKnownFileType = sourcecode.c.h; path = UTBBView.h; sourceTree = "<group>"; };
		A76B5EEC1DC8317D00A21BA6 /* UTBBView.m */ = {isa = PBXFileReference; fileEncoding = 4; lastKnownFileType = sourcecode.c.objc; path = UTBBView.m; sourceTree = "<group>"; };
		A76B5EEE1DC873C200A21BA6 /* UTTwoViewController.h */ = {isa = PBXFileReference; fileEncoding = 4; lastKnownFileType = sourcecode.c.h; path = UTTwoViewController.h; sourceTree = "<group>"; };
		A76B5EEF1DC873C200A21BA6 /* UTTwoViewController.m */ = {isa = PBXFileReference; fileEncoding = 4; lastKnownFileType = sourcecode.c.objc; path = UTTwoViewController.m; sourceTree = "<group>"; };
		A772662B1DC724B20026AA56 /* UTTableViewController.h */ = {isa = PBXFileReference; fileEncoding = 4; lastKnownFileType = sourcecode.c.h; path = UTTableViewController.h; sourceTree = "<group>"; };
		A772662C1DC724B20026AA56 /* UTTableViewController.m */ = {isa = PBXFileReference; fileEncoding = 4; lastKnownFileType = sourcecode.c.objc; path = UTTableViewController.m; sourceTree = "<group>"; };
		A772662F1DC72EEB0026AA56 /* UTSectionHeadView.h */ = {isa = PBXFileReference; fileEncoding = 4; lastKnownFileType = sourcecode.c.h; path = UTSectionHeadView.h; sourceTree = "<group>"; };
		A77266301DC72EEB0026AA56 /* UTSectionHeadView.m */ = {isa = PBXFileReference; fileEncoding = 4; lastKnownFileType = sourcecode.c.objc; path = UTSectionHeadView.m; sourceTree = "<group>"; };
		A78E9FFF1DC3B0FB00DEB6E3 /* UTGestureViewController.h */ = {isa = PBXFileReference; fileEncoding = 4; lastKnownFileType = sourcecode.c.h; path = UTGestureViewController.h; sourceTree = "<group>"; };
		A78EA0001DC3B0FB00DEB6E3 /* UTGestureViewController.m */ = {isa = PBXFileReference; fileEncoding = 4; lastKnownFileType = sourcecode.c.objc; path = UTGestureViewController.m; sourceTree = "<group>"; };
		A78EA00E1DC65B1300DEB6E3 /* UTGestureView.h */ = {isa = PBXFileReference; fileEncoding = 4; lastKnownFileType = sourcecode.c.h; path = UTGestureView.h; sourceTree = "<group>"; };
		A78EA00F1DC65B1300DEB6E3 /* UTGestureView.m */ = {isa = PBXFileReference; fileEncoding = 4; lastKnownFileType = sourcecode.c.objc; path = UTGestureView.m; sourceTree = "<group>"; };
		A78EA0101DC65B1300DEB6E3 /* UTTouchEventImageView.h */ = {isa = PBXFileReference; fileEncoding = 4; lastKnownFileType = sourcecode.c.h; path = UTTouchEventImageView.h; sourceTree = "<group>"; };
		A78EA0111DC65B1300DEB6E3 /* UTTouchEventImageView.m */ = {isa = PBXFileReference; fileEncoding = 4; lastKnownFileType = sourcecode.c.objc; path = UTTouchEventImageView.m; sourceTree = "<group>"; };
		A78EA0171DC6664100DEB6E3 /* UTBasicGraphicsViewController.h */ = {isa = PBXFileReference; fileEncoding = 4; lastKnownFileType = sourcecode.c.h; path = UTBasicGraphicsViewController.h; sourceTree = "<group>"; };
		A78EA0181DC6664100DEB6E3 /* UTBasicGraphicsViewController.m */ = {isa = PBXFileReference; fileEncoding = 4; lastKnownFileType = sourcecode.c.objc; path = UTBasicGraphicsViewController.m; sourceTree = "<group>"; };
		A78EA01A1DC66CE600DEB6E3 /* UTBasicGraphicsView.h */ = {isa = PBXFileReference; fileEncoding = 4; lastKnownFileType = sourcecode.c.h; path = UTBasicGraphicsView.h; sourceTree = "<group>"; };
		A78EA01B1DC66CE600DEB6E3 /* UTBasicGraphicsView.m */ = {isa = PBXFileReference; fileEncoding = 4; lastKnownFileType = sourcecode.c.objc; path = UTBasicGraphicsView.m; sourceTree = "<group>"; };
		A79727681DC33A5100058B6D /* ios-UITest.app */ = {isa = PBXFileReference; explicitFileType = wrapper.application; includeInIndex = 0; path = "ios-UITest.app"; sourceTree = BUILT_PRODUCTS_DIR; };
		A79727BB1DC3486C00058B6D /* AppDelegate.h */ = {isa = PBXFileReference; fileEncoding = 4; lastKnownFileType = sourcecode.c.h; path = AppDelegate.h; sourceTree = "<group>"; };
		A79727BC1DC3486C00058B6D /* AppDelegate.m */ = {isa = PBXFileReference; fileEncoding = 4; lastKnownFileType = sourcecode.c.objc; path = AppDelegate.m; sourceTree = "<group>"; };
		A79727BD1DC3486C00058B6D /* Assets.xcassets */ = {isa = PBXFileReference; lastKnownFileType = folder.assetcatalog; path = Assets.xcassets; sourceTree = "<group>"; };
		A79727BF1DC3486C00058B6D /* Base */ = {isa = PBXFileReference; lastKnownFileType = file.storyboard; name = Base; path = Base.lproj/LaunchScreen.storyboard; sourceTree = "<group>"; };
		A79727C11DC3486C00058B6D /* Base */ = {isa = PBXFileReference; lastKnownFileType = file.storyboard; name = Base; path = Base.lproj/Main.storyboard; sourceTree = "<group>"; };
		A79727C41DC3486C00058B6D /* FitNavigationController.h */ = {isa = PBXFileReference; fileEncoding = 4; lastKnownFileType = sourcecode.c.h; path = FitNavigationController.h; sourceTree = "<group>"; };
		A79727C51DC3486C00058B6D /* FitNavigationController.m */ = {isa = PBXFileReference; fileEncoding = 4; lastKnownFileType = sourcecode.c.objc; path = FitNavigationController.m; sourceTree = "<group>"; };
		A79727C61DC3486C00058B6D /* FitTabbarController.h */ = {isa = PBXFileReference; fileEncoding = 4; lastKnownFileType = sourcecode.c.h; path = FitTabbarController.h; sourceTree = "<group>"; };
		A79727C71DC3486C00058B6D /* FitTabbarController.m */ = {isa = PBXFileReference; fileEncoding = 4; lastKnownFileType = sourcecode.c.objc; path = FitTabbarController.m; sourceTree = "<group>"; };
		A79727C91DC3486C00058B6D /* FitConsts.h */ = {isa = PBXFileReference; fileEncoding = 4; lastKnownFileType = sourcecode.c.h; path = FitConsts.h; sourceTree = "<group>"; };
		A79727CA1DC3486C00058B6D /* FitConsts.m */ = {isa = PBXFileReference; fileEncoding = 4; lastKnownFileType = sourcecode.c.objc; path = FitConsts.m; sourceTree = "<group>"; };
		A79727CB1DC3486C00058B6D /* Info.plist */ = {isa = PBXFileReference; fileEncoding = 4; lastKnownFileType = text.plist.xml; path = Info.plist; sourceTree = "<group>"; };
		A79727CC1DC3486C00058B6D /* main.m */ = {isa = PBXFileReference; fileEncoding = 4; lastKnownFileType = sourcecode.c.objc; path = main.m; sourceTree = "<group>"; };
		A79727DC1DC34DE000058B6D /* UTTouchEventViewController.h */ = {isa = PBXFileReference; fileEncoding = 4; lastKnownFileType = sourcecode.c.h; path = UTTouchEventViewController.h; sourceTree = "<group>"; };
		A79727DD1DC34DE000058B6D /* UTTouchEventViewController.m */ = {isa = PBXFileReference; fileEncoding = 4; lastKnownFileType = sourcecode.c.objc; path = UTTouchEventViewController.m; sourceTree = "<group>"; };
		A79727E81DC381B600058B6D /* UTOneViewController.h */ = {isa = PBXFileReference; fileEncoding = 4; lastKnownFileType = sourcecode.c.h; name = UTOneViewController.h; path = ../IOSEvent/UTOneViewController.h; sourceTree = "<group>"; };
		A79727E91DC381B600058B6D /* UTOneViewController.m */ = {isa = PBXFileReference; fileEncoding = 4; lastKnownFileType = sourcecode.c.objc; name = UTOneViewController.m; path = ../IOSEvent/UTOneViewController.m; sourceTree = "<group>"; };
		FCE94D66BB43C7F696A72ACA /* Pods-ios-UITest.debug.xcconfig */ = {isa = PBXFileReference; includeInIndex = 1; lastKnownFileType = text.xcconfig; name = "Pods-ios-UITest.debug.xcconfig"; path = "Pods/Target Support Files/Pods-ios-UITest/Pods-ios-UITest.debug.xcconfig"; sourceTree = "<group>"; };
/* End PBXFileReference section */

/* Begin PBXFrameworksBuildPhase section */
		A79727651DC33A5100058B6D /* Frameworks */ = {
			isa = PBXFrameworksBuildPhase;
			buildActionMask = 2147483647;
			files = (
				9F3E027F1EA9A78300E0767C /* MobileCoreServices.framework in Frameworks */,
				9F3E027D1EA8A88700E0767C /* OpenGLES.framework in Frameworks */,
				9F80EDD61DEC0D69004272FF /* libsqlite3.tbd in Frameworks */,
				F6F92235DFD8C1917898A95B /* libPods-ios-UITest.a in Frameworks */,
			);
			runOnlyForDeploymentPostprocessing = 0;
		};
/* End PBXFrameworksBuildPhase section */

/* Begin PBXGroup section */
		0F184C84200CA17C00CD19FC /* RACLearning */ = {
			isa = PBXGroup;
			children = (
				0F184C85200CA1B800CD19FC /* RacTestViewController.h */,
				0F184C86200CA1B800CD19FC /* RacTestViewController.m */,
				0F184C87200CA1B800CD19FC /* RacTestViewController.xib */,
			);
			path = RACLearning;
			sourceTree = "<group>";
		};
		0F2F5DCF1FFE30570073FEBE /* UICollectionView */ = {
			isa = PBXGroup;
			children = (
			);
			path = UICollectionView;
			sourceTree = "<group>";
		};
		0F30569520AA834500001CDE /* Map */ = {
			isa = PBXGroup;
			children = (
				0F30569620AA883B00001CDE /* MapDemoController.h */,
				0F30569720AA883B00001CDE /* MapDemoController.m */,
			);
			path = Map;
			sourceTree = "<group>";
		};
		0F516B4C209BFEA400A0E6DA /* Runloop */ = {
			isa = PBXGroup;
			children = (
				0F516B4D209BFEE100A0E6DA /* RunloopMainController.h */,
				0F516B4E209BFEE100A0E6DA /* RunloopMainController.m */,
			);
			path = Runloop;
			sourceTree = "<group>";
		};
		0F53A4321FE3775300761D6A /* PYSearchTest */ = {
			isa = PBXGroup;
			children = (
				0F53A4331FE3785C00761D6A /* PYSearchDemoController.h */,
				0F53A4341FE3785C00761D6A /* PYSearchDemoController.m */,
				0F2537711FE37D3F0022506D /* PYTempViewController.h */,
				0F2537721FE37D3F0022506D /* PYTempViewController.m */,
			);
			path = PYSearchTest;
			sourceTree = "<group>";
		};
		0F74919D2084750200FE7AA2 /* TableViewOptController */ = {
			isa = PBXGroup;
			children = (
				0F7491A1208475DB00FE7AA2 /* Supporting Files */,
				0F74919E2084750200FE7AA2 /* TableViewOptController.h */,
				0F74919F2084750200FE7AA2 /* TableViewOptController.m */,
				0F7491B920849F2100FE7AA2 /* GenerateDatas.h */,
				0F7491BA20849F2100FE7AA2 /* GenerateDatas.m */,
				0F7491B62084822E00FE7AA2 /* OptTableViewCell.h */,
				0F7491B72084822E00FE7AA2 /* OptTableViewCell.m */,
			);
			path = TableViewOptController;
			sourceTree = "<group>";
		};
		0F7491A1208475DB00FE7AA2 /* Supporting Files */ = {
			isa = PBXGroup;
			children = (
				0F7491A2208475DB00FE7AA2 /* corner_circle@2x.png */,
				0F7491A3208475DB00FE7AA2 /* data.plist */,
				0F7491A4208475DB00FE7AA2 /* t_comments@2x.png */,
				0F7491A5208475DB00FE7AA2 /* t_repost@2x.png */,
			);
			path = "Supporting Files";
			sourceTree = "<group>";
		};
		0FAAB23120BCFC1900D0D839 /* SamplePhotos */ = {
			isa = PBXGroup;
			children = (
				0FAAB23220BCFCF300D0D839 /* PhotoMasterController.h */,
				0FAAB23320BCFCF300D0D839 /* PhotoMasterController.m */,
				0FAAB23420BCFCF300D0D839 /* PhotoMasterController.xib */,
			);
			path = SamplePhotos;
			sourceTree = "<group>";
		};
		0FB4C0CE20BB92E200146768 /* ImageIO */ = {
			isa = PBXGroup;
			children = (
				0FB4C0D620BBA1D100146768 /* images */,
				0FB4C0CF20BB933000146768 /* ImageIOController.h */,
				0FB4C0D020BB933000146768 /* ImageIOController.m */,
				0FB4C0D120BB933000146768 /* ImageIOController.xib */,
			);
			path = ImageIO;
			sourceTree = "<group>";
		};
		0FB4C0D820BBE95E00146768 /* URLSessionDemo */ = {
			isa = PBXGroup;
			children = (
				0FB4C0D920BBE99700146768 /* URLSessionController.h */,
				0FB4C0DA20BBE99700146768 /* URLSessionController.m */,
				0FB4C0DB20BBE99700146768 /* URLSessionController.xib */,
			);
			path = URLSessionDemo;
			sourceTree = "<group>";
		};
		0FF79C1F208596210039ED50 /* CoreTextDemo */ = {
			isa = PBXGroup;
			children = (
				0FF79C20208596770039ED50 /* CTMainController.h */,
				0FF79C21208596770039ED50 /* CTMainController.m */,
				0FF79C22208596770039ED50 /* CTMainController.xib */,
				0FF79C25208596A10039ED50 /* CTDisplayView.h */,
				0FF79C26208596A10039ED50 /* CTDisplayView.m */,
			);
			path = CoreTextDemo;
			sourceTree = "<group>";
		};
		9860A30761A99EA451537D17 /* Pods */ = {
			isa = PBXGroup;
			children = (
				FCE94D66BB43C7F696A72ACA /* Pods-ios-UITest.debug.xcconfig */,
				8273556AB065D292BED8FD96 /* Pods-ios-UITest.release.xcconfig */,
			);
			name = Pods;
			sourceTree = "<group>";
		};
		9F15EF9D1DDD420B002A734F /* ZYQAssetPickerDemo */ = {
			isa = PBXGroup;
			children = (
				9F15EF9E1DDD4275002A734F /* AssetPickerViewController.h */,
				9F15EF9F1DDD4275002A734F /* AssetPickerViewController.m */,
				9F15EFA11DDD5A95002A734F /* AssetPickTestViewController.h */,
				9F15EFA21DDD5A95002A734F /* AssetPickTestViewController.m */,
			);
			path = ZYQAssetPickerDemo;
			sourceTree = "<group>";
		};
		9F15EFBB1DDDC394002A734F /* JsonModelTest */ = {
			isa = PBXGroup;
			children = (
				9F15EFBC1DDDC3A7002A734F /* JsonModelTestViewController.h */,
				9F15EFBD1DDDC3A7002A734F /* JsonModelTestViewController.m */,
			);
			path = JsonModelTest;
			sourceTree = "<group>";
		};
		9F15EFBF1DDDE857002A734F /* Data */ = {
			isa = PBXGroup;
			children = (
				9F15EFC01DDDE857002A734F /* colors.json */,
				9F15EFC11DDDE857002A734F /* converts.json */,
				9F15EFC21DDDE857002A734F /* github-iphone.json */,
				9F15EFC31DDDE857002A734F /* jsonTypes.json */,
				9F15EFC41DDDE857002A734F /* nestedData.json */,
				9F15EFC51DDDE857002A734F /* nestedDataWithArrayError.json */,
				9F15EFC61DDDE857002A734F /* nestedDataWithDictionaryError.json */,
				9F15EFC71DDDE857002A734F /* nestedDataWithTypeMismatchOnImages.json */,
				9F15EFC81DDDE857002A734F /* nestedDataWithTypeMismatchOnImagesObject.json */,
				9F15EFC91DDDE857002A734F /* post.json */,
				9F15EFCA1DDDE857002A734F /* primitives.json */,
				9F15EFCB1DDDE857002A734F /* primitivesWithErrors.json */,
				9F15EFCC1DDDE857002A734F /* specialPropertyName.json */,
				9F15EFCD1DDDE857002A734F /* withOptProp.json */,
				9F15EFCE1DDDE857002A734F /* withoutOptProp.json */,
			);
			path = Data;
			sourceTree = "<group>";
		};
		9F2E297D1DDC4D4200A90011 /* PickImageDemo */ = {
			isa = PBXGroup;
			children = (
				9F2E29821DDC623400A90011 /* PickImageViewController.h */,
				9F2E29831DDC623400A90011 /* PickImageViewController.m */,
			);
			path = PickImageDemo;
			sourceTree = "<group>";
		};
		9F2E297E1DDC4D9D00A90011 /* PickImageView */ = {
			isa = PBXGroup;
			children = (
				9F2E297F1DDC4DF300A90011 /* AddImageView.h */,
				9F2E29801DDC4DF300A90011 /* AddImageView.m */,
			);
			path = PickImageView;
			sourceTree = "<group>";
		};
		9F36ABD11DE58A6D00D15FE8 /* GCDTest */ = {
			isa = PBXGroup;
			children = (
				9F36ABD51DE58AFA00D15FE8 /* GCDMainViewController.h */,
				9F36ABD61DE58AFA00D15FE8 /* GCDMainViewController.m */,
			);
			path = GCDTest;
			sourceTree = "<group>";
		};
		9F3E02781EA8906700E0767C /* Camera */ = {
			isa = PBXGroup;
			children = (
				9F3E02791EA8908B00E0767C /* CameraViewController.h */,
				9F3E027A1EA8908B00E0767C /* CameraViewController.m */,
			);
			path = Camera;
			sourceTree = "<group>";
		};
		9F3E02851EA9D9BF00E0767C /* PlayString */ = {
			isa = PBXGroup;
			children = (
				9F3E028B1EA9DAEA00E0767C /* PlayStringViewController.h */,
				9F3E028C1EA9DAEA00E0767C /* PlayStringViewController.m */,
				9F3E028D1EA9DAEA00E0767C /* PlayStringViewController.xib */,
			);
			path = PlayString;
			sourceTree = "<group>";
		};
		9F6080401DD1D4DF00B567D2 /* UTOptionBar */ = {
			isa = PBXGroup;
			children = (
				9F6080411DD1D50D00B567D2 /* UTOptionbarDesignController.h */,
				9F6080421DD1D50D00B567D2 /* UTOptionbarDesignController.m */,
			);
			path = UTOptionBar;
			sourceTree = "<group>";
		};
		9F6080471DD1D68100B567D2 /* UTOptionBarView */ = {
			isa = PBXGroup;
			children = (
				9F6080481DD1DA6E00B567D2 /* UTOptionView.h */,
				9F6080491DD1DA6E00B567D2 /* UTOptionView.m */,
				9F6080511DD1EA4500B567D2 /* UTOptionContentScrollView.h */,
				9F6080521DD1EA4500B567D2 /* UTOptionContentScrollView.m */,
			);
			path = UTOptionBarView;
			sourceTree = "<group>";
		};
		9F6480621EB1952A00CE364E /* MantleDemo */ = {
			isa = PBXGroup;
			children = (
				9F6480691EB1B58500CE364E /* Github Issue(with mantle) */,
				9F6480681EB1B56700CE364E /* Github Issue(no mantle) */,
				9F6480631EB1957800CE364E /* MantleDemoViewController.h */,
				9F6480641EB1957800CE364E /* MantleDemoViewController.m */,
			);
			name = MantleDemo;
			sourceTree = "<group>";
		};
		9F6480681EB1B56700CE364E /* Github Issue(no mantle) */ = {
			isa = PBXGroup;
			children = (
				9F64806A1EB1B77900CE364E /* NoMantleViewController.h */,
				9F64806B1EB1B77900CE364E /* NoMantleViewController.m */,
				9F64806D1EB1BFE900CE364E /* GHIssue.h */,
				9F64806E1EB1BFE900CE364E /* GHIssue.m */,
				9F6480701EB1C16E00CE364E /* GHUser.h */,
				9F6480711EB1C16E00CE364E /* GHUser.m */,
			);
			name = "Github Issue(no mantle)";
			sourceTree = "<group>";
		};
		9F6480691EB1B58500CE364E /* Github Issue(with mantle) */ = {
			isa = PBXGroup;
			children = (
				9F6480731EB1D2EC00CE364E /* MantleViewController.h */,
				9F6480741EB1D2EC00CE364E /* MantleViewController.m */,
				9F64807C1EB1D3CC00CE364E /* GHIssueMantle.h */,
				9F64807D1EB1D3CC00CE364E /* GHIssueMantle.m */,
				9F64807F1EB1D40B00CE364E /* GHUserMantle.h */,
				9F6480801EB1D40B00CE364E /* GHUserMantle.m */,
			);
			name = "Github Issue(with mantle)";
			sourceTree = "<group>";
		};
		9F7DBA271E277ECA00A938D8 /* AVFoundationView */ = {
			isa = PBXGroup;
			children = (
				9F7DBA281E277ECA00A938D8 /* AVAudioPlayerView.h */,
				9F7DBA291E277ECA00A938D8 /* AVAudioPlayerView.m */,
				9F7DBA2B1E277F0B00A938D8 /* FSAudioView.h */,
				9F7DBA2C1E277F0B00A938D8 /* FSAudioView.m */,
			);
			path = AVFoundationView;
			sourceTree = "<group>";
		};
		9F7DFEB01E263C3600140046 /* AVFoundationTest */ = {
			isa = PBXGroup;
			children = (
				9F7DFEB41E263CAB00140046 /* UTAVController.h */,
				9F7DFEB51E263CAB00140046 /* UTAVController.m */,
			);
			path = AVFoundationTest;
			sourceTree = "<group>";
		};
		9F80EDD71DEC472A004272FF /* CoreImageTest */ = {
			isa = PBXGroup;
			children = (
				9F80EDD81DEC4751004272FF /* CITestViewController.h */,
				9F80EDD91DEC4751004272FF /* CITestViewController.m */,
			);
			path = CoreImageTest;
			sourceTree = "<group>";
		};
		9F8E277F1DF6C34E00AE01F0 /* AnimationTest */ = {
			isa = PBXGroup;
			children = (
				9F8E27891DF6EC1B00AE01F0 /* VWWWaterView.h */,
				9F8E278A1DF6EC1B00AE01F0 /* VWWWaterView.m */,
				9F8E27861DF6C6B400AE01F0 /* AnimationViewController.h */,
				9F8E27871DF6C6B400AE01F0 /* AnimationViewController.m */,
			);
			path = AnimationTest;
			sourceTree = "<group>";
		};
		9F9B62671DD77D2A004E8A12 /* PNChartDemo */ = {
			isa = PBXGroup;
			children = (
				9F9B62681DD77D7A004E8A12 /* PNChartViewController.h */,
				9F9B62691DD77D7A004E8A12 /* PNChartViewController.m */,
			);
			path = PNChartDemo;
			sourceTree = "<group>";
		};
		9F9E5AA51DF49EC100FD7FE2 /* HeathTest */ = {
			isa = PBXGroup;
			children = (
				9F9E5AA61DF49F0700FD7FE2 /* HealthManagerViewController.h */,
				9F9E5AA71DF49F0700FD7FE2 /* HealthManagerViewController.m */,
			);
			path = HeathTest;
			sourceTree = "<group>";
		};
		9FAF6E6E1DC97C5900A206F5 /* UIPageControl */ = {
			isa = PBXGroup;
			children = (
				9FAF6E6F1DC97DBF00A206F5 /* UTPageController.h */,
				9FAF6E701DC97DBF00A206F5 /* UTPageController.m */,
			);
			path = UIPageControl;
			sourceTree = "<group>";
		};
		9FAF6E721DC9B16500A206F5 /* UISegmentedControl */ = {
			isa = PBXGroup;
			children = (
				9FAF6E731DC9B1DA00A206F5 /* UTSegmentedController.h */,
				9FAF6E741DC9B1DA00A206F5 /* UTSegmentedController.m */,
			);
			path = UISegmentedControl;
			sourceTree = "<group>";
		};
		9FAF6E761DC9BDC000A206F5 /* UISlider */ = {
			isa = PBXGroup;
			children = (
				9FAF6E771DC9BE6A00A206F5 /* UTSliderController.h */,
				9FAF6E781DC9BE6A00A206F5 /* UTSliderController.m */,
			);
			path = UISlider;
			sourceTree = "<group>";
		};
		9FAF6E7A1DC9D85900A206F5 /* UISwitch */ = {
			isa = PBXGroup;
			children = (
				9FAF6E7B1DC9D89A00A206F5 /* UTSwitchController.h */,
				9FAF6E7C1DC9D89A00A206F5 /* UTSwitchController.m */,
			);
			path = UISwitch;
			sourceTree = "<group>";
		};
		9FAF6E7E1DC9E83800A206F5 /* UITextField */ = {
			isa = PBXGroup;
			children = (
				9FAF6E7F1DC9E85500A206F5 /* UTTextFieldController.h */,
				9FAF6E801DC9E85500A206F5 /* UTTextFieldController.m */,
			);
			path = UITextField;
			sourceTree = "<group>";
		};
		9FC3CBE51DED73CB003ED1CE /* SQLiteTest */ = {
			isa = PBXGroup;
			children = (
				9FC3CBE61DED7400003ED1CE /* DBManager.h */,
				9FC3CBE71DED7400003ED1CE /* DBManager.m */,
			);
			path = SQLiteTest;
			sourceTree = "<group>";
		};
		9FCC6CA21E0938B400F9D457 /* UISearchControl */ = {
			isa = PBXGroup;
			children = (
				9FCC6CA31E0938F600F9D457 /* UTSearchController.h */,
				9FCC6CA41E0938F600F9D457 /* UTSearchController.m */,
				9FCC6CA61E095B3300F9D457 /* SearchResultsViewController.h */,
				9FCC6CA71E095B3300F9D457 /* SearchResultsViewController.m */,
			);
			path = UISearchControl;
			sourceTree = "<group>";
		};
		9FE139381DC89E71005908F9 /* UIButtonTest */ = {
			isa = PBXGroup;
			children = (
				9FE139391DC8A0F1005908F9 /* UTButtonTestController.h */,
				9FE1393A1DC8A0F1005908F9 /* UTButtonTestController.m */,
			);
			path = UIButtonTest;
			sourceTree = "<group>";
		};
		9FE1393F1DC8E65E005908F9 /* UIDatePicker */ = {
			isa = PBXGroup;
			children = (
				9FE139401DC8E65E005908F9 /* UTDatePickerTestController.h */,
				9FE139411DC8E65E005908F9 /* UTDatePickerTestController.m */,
			);
			path = UIDatePicker;
			sourceTree = "<group>";
		};
		9FE1E2EB1EA9F65A00BC500E /* Concurrent */ = {
			isa = PBXGroup;
			children = (
				9FE1E2EC1EA9F68E00BC500E /* ConcurrentViewController.h */,
				9FE1E2ED1EA9F68E00BC500E /* ConcurrentViewController.m */,
				9FE1E2EE1EA9F68E00BC500E /* ConcurrentViewController.xib */,
				9FF1A0AA1EADE8B60078AF92 /* Concurrent1ViewController.h */,
				9FF1A0AB1EADE8B60078AF92 /* Concurrent1ViewController.m */,
				9FF810371EAF4164005B38B5 /* Concurrent2ViewController.h */,
				9FF810381EAF4164005B38B5 /* Concurrent2ViewController.m */,
				9FF8103A1EAF51DE005B38B5 /* Concurrent3ViewController.h */,
				9FF8103B1EAF51DE005B38B5 /* Concurrent3ViewController.m */,
				0F6C7B57209057E500AA4A6F /* FindMinMaxThread.h */,
				0F6C7B58209057E500AA4A6F /* FindMinMaxThread.m */,
			);
			name = Concurrent;
			sourceTree = "<group>";
		};
		A76B5EE01DC8270A00A21BA6 /* IOSPassValue */ = {
			isa = PBXGroup;
			children = (
				A76B5EE11DC8280200A21BA6 /* UTAAViewController.h */,
				A76B5EE21DC8280200A21BA6 /* UTAAViewController.m */,
				A76B5EE41DC8281800A21BA6 /* UTBBViewController.h */,
				A76B5EE51DC8281800A21BA6 /* UTBBViewController.m */,
			);
			path = IOSPassValue;
			sourceTree = "<group>";
		};
		A76B5EE71DC82D6F00A21BA6 /* IOSPassValueView */ = {
			isa = PBXGroup;
			children = (
				A76B5EE81DC82D8400A21BA6 /* UTAAView.h */,
				A76B5EE91DC82D8400A21BA6 /* UTAAView.m */,
				A76B5EEB1DC8317D00A21BA6 /* UTBBView.h */,
				A76B5EEC1DC8317D00A21BA6 /* UTBBView.m */,
			);
			path = IOSPassValueView;
			sourceTree = "<group>";
		};
		A77266271DC722990026AA56 /* IOSTable */ = {
			isa = PBXGroup;
			children = (
				A772662B1DC724B20026AA56 /* UTTableViewController.h */,
				A772662C1DC724B20026AA56 /* UTTableViewController.m */,
			);
			path = IOSTable;
			sourceTree = "<group>";
		};
		A772662E1DC72E790026AA56 /* IOSTableView */ = {
			isa = PBXGroup;
			children = (
				A772662F1DC72EEB0026AA56 /* UTSectionHeadView.h */,
				A77266301DC72EEB0026AA56 /* UTSectionHeadView.m */,
			);
			path = IOSTableView;
			sourceTree = "<group>";
		};
		A78EA00D1DC65B1300DEB6E3 /* IOSEventView */ = {
			isa = PBXGroup;
			children = (
				A78EA00E1DC65B1300DEB6E3 /* UTGestureView.h */,
				A78EA00F1DC65B1300DEB6E3 /* UTGestureView.m */,
				A78EA0101DC65B1300DEB6E3 /* UTTouchEventImageView.h */,
				A78EA0111DC65B1300DEB6E3 /* UTTouchEventImageView.m */,
			);
			path = IOSEventView;
			sourceTree = "<group>";
		};
		A78EA0141DC65B6300DEB6E3 /* RootController */ = {
			isa = PBXGroup;
			children = (
				A79727E81DC381B600058B6D /* UTOneViewController.h */,
				A79727E91DC381B600058B6D /* UTOneViewController.m */,
				A76B5EEE1DC873C200A21BA6 /* UTTwoViewController.h */,
				A76B5EEF1DC873C200A21BA6 /* UTTwoViewController.m */,
				9F3E02721EA88DD200E0767C /* UTThirdViewController.h */,
				9F3E02731EA88DD200E0767C /* UTThirdViewController.m */,
			);
			path = RootController;
			sourceTree = "<group>";
		};
		A78EA0151DC65C9600DEB6E3 /* IOSGraphics */ = {
			isa = PBXGroup;
			children = (
				A78EA0171DC6664100DEB6E3 /* UTBasicGraphicsViewController.h */,
				A78EA0181DC6664100DEB6E3 /* UTBasicGraphicsViewController.m */,
			);
			path = IOSGraphics;
			sourceTree = "<group>";
		};
		A78EA0161DC65CC300DEB6E3 /* IOSGraphicsView */ = {
			isa = PBXGroup;
			children = (
				A78EA01A1DC66CE600DEB6E3 /* UTBasicGraphicsView.h */,
				A78EA01B1DC66CE600DEB6E3 /* UTBasicGraphicsView.m */,
			);
			path = IOSGraphicsView;
			sourceTree = "<group>";
		};
		A797275F1DC33A5100058B6D = {
			isa = PBXGroup;
			children = (
				A79727BA1DC3486C00058B6D /* ios-UITest */,
				A79727691DC33A5100058B6D /* Products */,
				9860A30761A99EA451537D17 /* Pods */,
				F7DF90F9D025B45E6F800D37 /* Frameworks */,
			);
			sourceTree = "<group>";
		};
		A79727691DC33A5100058B6D /* Products */ = {
			isa = PBXGroup;
			children = (
				A79727681DC33A5100058B6D /* ios-UITest.app */,
			);
			name = Products;
			sourceTree = "<group>";
		};
		A79727BA1DC3486C00058B6D /* ios-UITest */ = {
			isa = PBXGroup;
			children = (
				0FAAB23120BCFC1900D0D839 /* SamplePhotos */,
				0FB4C0D820BBE95E00146768 /* URLSessionDemo */,
				0FB4C0CE20BB92E200146768 /* ImageIO */,
				0F30569520AA834500001CDE /* Map */,
				0F516B4C209BFEA400A0E6DA /* Runloop */,
				0FF79C1F208596210039ED50 /* CoreTextDemo */,
				0F74919D2084750200FE7AA2 /* TableViewOptController */,
				0F184C84200CA17C00CD19FC /* RACLearning */,
				0F2F5DCF1FFE30570073FEBE /* UICollectionView */,
				A79727C21DC3486C00058B6D /* Controller */,
				A79727CE1DC3486C00058B6D /* View */,
				A79727CD1DC3486C00058B6D /* Model */,
				A79727C81DC3486C00058B6D /* Help */,
				9F7DBA1E1E272AB600A938D8 /* music-wqs.mp3 */,
				A79727BB1DC3486C00058B6D /* AppDelegate.h */,
				A79727BC1DC3486C00058B6D /* AppDelegate.m */,
				A79727BD1DC3486C00058B6D /* Assets.xcassets */,
				A79727BE1DC3486C00058B6D /* LaunchScreen.storyboard */,
				A79727C01DC3486C00058B6D /* Main.storyboard */,
				A79727CB1DC3486C00058B6D /* Info.plist */,
				A79727CC1DC3486C00058B6D /* main.m */,
				0FF79C2820859DDF0039ED50 /* ios-UITest-Prefix.pch */,
			);
			path = "ios-UITest";
			sourceTree = "<group>";
		};
		A79727C21DC3486C00058B6D /* Controller */ = {
			isa = PBXGroup;
			children = (
				A78EA0141DC65B6300DEB6E3 /* RootController */,
				0F53A4321FE3775300761D6A /* PYSearchTest */,
				9F6480621EB1952A00CE364E /* MantleDemo */,
				9FE1E2EB1EA9F65A00BC500E /* Concurrent */,
				9F3E02851EA9D9BF00E0767C /* PlayString */,
				9F3E02781EA8906700E0767C /* Camera */,
				9F7DFEB01E263C3600140046 /* AVFoundationTest */,
				9FCC6CA21E0938B400F9D457 /* UISearchControl */,
				9F8E277F1DF6C34E00AE01F0 /* AnimationTest */,
				9F9E5AA51DF49EC100FD7FE2 /* HeathTest */,
				9FC3CBE51DED73CB003ED1CE /* SQLiteTest */,
				9F80EDD71DEC472A004272FF /* CoreImageTest */,
				9F36ABD11DE58A6D00D15FE8 /* GCDTest */,
				9F15EFBB1DDDC394002A734F /* JsonModelTest */,
				9F15EF9D1DDD420B002A734F /* ZYQAssetPickerDemo */,
				9F6080401DD1D4DF00B567D2 /* UTOptionBar */,
				A79727DB1DC34D9300058B6D /* IOSEvent */,
				A78EA0151DC65C9600DEB6E3 /* IOSGraphics */,
				A77266271DC722990026AA56 /* IOSTable */,
				A76B5EE01DC8270A00A21BA6 /* IOSPassValue */,
				9FE139381DC89E71005908F9 /* UIButtonTest */,
				9FE1393F1DC8E65E005908F9 /* UIDatePicker */,
				9FAF6E6E1DC97C5900A206F5 /* UIPageControl */,
				9FAF6E721DC9B16500A206F5 /* UISegmentedControl */,
				9FAF6E761DC9BDC000A206F5 /* UISlider */,
				9FAF6E7A1DC9D85900A206F5 /* UISwitch */,
				9FAF6E7E1DC9E83800A206F5 /* UITextField */,
				9F9B62671DD77D2A004E8A12 /* PNChartDemo */,
				9F2E297D1DDC4D4200A90011 /* PickImageDemo */,
				A79727C31DC3486C00058B6D /* Base */,
			);
			path = Controller;
			sourceTree = "<group>";
		};
		A79727C31DC3486C00058B6D /* Base */ = {
			isa = PBXGroup;
			children = (
				A79727C41DC3486C00058B6D /* FitNavigationController.h */,
				A79727C51DC3486C00058B6D /* FitNavigationController.m */,
				A79727C61DC3486C00058B6D /* FitTabbarController.h */,
				A79727C71DC3486C00058B6D /* FitTabbarController.m */,
			);
			path = Base;
			sourceTree = "<group>";
		};
		A79727C81DC3486C00058B6D /* Help */ = {
			isa = PBXGroup;
			children = (
				0F7491AB2084767100FE7AA2 /* NSString+Additions.h */,
				0F7491AD2084767100FE7AA2 /* NSString+Additions.m */,
				0F7491AE2084767100FE7AA2 /* UIScreen+Additions.h */,
				0F7491AC2084767100FE7AA2 /* UIScreen+Additions.m */,
				0F7491AF2084767100FE7AA2 /* UIView+Additions.h */,
				0F7491AA2084767000FE7AA2 /* UIView+Additions.m */,
				9F15EFBF1DDDE857002A734F /* Data */,
				A79727C91DC3486C00058B6D /* FitConsts.h */,
				A79727CA1DC3486C00058B6D /* FitConsts.m */,
			);
			path = Help;
			sourceTree = "<group>";
		};
		A79727CD1DC3486C00058B6D /* Model */ = {
			isa = PBXGroup;
			children = (
				9F15EFEA1DDE0549002A734F /* GithubRepoModel.h */,
				9F15EFEB1DDE0549002A734F /* GithubRepoModel.m */,
				9F15EFDE1DDDEBF7002A734F /* ReposModel.h */,
				9F15EFDF1DDDEBF7002A734F /* ReposModel.m */,
			);
			path = Model;
			sourceTree = "<group>";
		};
		A79727CE1DC3486C00058B6D /* View */ = {
			isa = PBXGroup;
			children = (
				9F6080471DD1D68100B567D2 /* UTOptionBarView */,
				A78EA00D1DC65B1300DEB6E3 /* IOSEventView */,
				A78EA0161DC65CC300DEB6E3 /* IOSGraphicsView */,
				A772662E1DC72E790026AA56 /* IOSTableView */,
				A76B5EE71DC82D6F00A21BA6 /* IOSPassValueView */,
				9F2E297E1DDC4D9D00A90011 /* PickImageView */,
				9F7DBA271E277ECA00A938D8 /* AVFoundationView */,
				9F72BF611E8FD31E001B6E60 /* MultiLabelView.h */,
				9F72BF621E8FD31E001B6E60 /* MultiLabelView.m */,
			);
			path = View;
			sourceTree = "<group>";
		};
		A79727DB1DC34D9300058B6D /* IOSEvent */ = {
			isa = PBXGroup;
			children = (
				A79727DC1DC34DE000058B6D /* UTTouchEventViewController.h */,
				A79727DD1DC34DE000058B6D /* UTTouchEventViewController.m */,
				A78E9FFF1DC3B0FB00DEB6E3 /* UTGestureViewController.h */,
				A78EA0001DC3B0FB00DEB6E3 /* UTGestureViewController.m */,
			);
			path = IOSEvent;
			sourceTree = "<group>";
		};
		F7DF90F9D025B45E6F800D37 /* Frameworks */ = {
			isa = PBXGroup;
			children = (
				9F3E027E1EA9A78300E0767C /* MobileCoreServices.framework */,
				9F3E027C1EA8A88700E0767C /* OpenGLES.framework */,
				9F80EDD51DEC0D69004272FF /* libsqlite3.tbd */,
				2DB2D3C706457175D59485CD /* libPods-ios-UITest.a */,
			);
			name = Frameworks;
			sourceTree = "<group>";
		};
/* End PBXGroup section */

/* Begin PBXNativeTarget section */
		A79727671DC33A5100058B6D /* ios-UITest */ = {
			isa = PBXNativeTarget;
			buildConfigurationList = A797277F1DC33A5100058B6D /* Build configuration list for PBXNativeTarget "ios-UITest" */;
			buildPhases = (
				3706E180F871C406EE9CA702 /* [CP] Check Pods Manifest.lock */,
				A79727641DC33A5100058B6D /* Sources */,
				A79727651DC33A5100058B6D /* Frameworks */,
				A79727661DC33A5100058B6D /* Resources */,
				037FD50113DA23D7FB8FC87D /* [CP] Copy Pods Resources */,
			);
			buildRules = (
			);
			dependencies = (
			);
			name = "ios-UITest";
			productName = "ios-UITest";
			productReference = A79727681DC33A5100058B6D /* ios-UITest.app */;
			productType = "com.apple.product-type.application";
		};
/* End PBXNativeTarget section */

/* Begin PBXProject section */
		A79727601DC33A5100058B6D /* Project object */ = {
			isa = PBXProject;
			attributes = {
				LastUpgradeCheck = 0800;
				ORGANIZATIONNAME = yl;
				TargetAttributes = {
					A79727671DC33A5100058B6D = {
						CreatedOnToolsVersion = 8.0;
						DevelopmentTeam = BT3JXCV96C;
						ProvisioningStyle = Automatic;
					};
				};
			};
			buildConfigurationList = A79727631DC33A5100058B6D /* Build configuration list for PBXProject "ios-UITest" */;
			compatibilityVersion = "Xcode 3.2";
			developmentRegion = English;
			hasScannedForEncodings = 0;
			knownRegions = (
				en,
				Base,
			);
			mainGroup = A797275F1DC33A5100058B6D;
			productRefGroup = A79727691DC33A5100058B6D /* Products */;
			projectDirPath = "";
			projectRoot = "";
			targets = (
				A79727671DC33A5100058B6D /* ios-UITest */,
			);
		};
/* End PBXProject section */

/* Begin PBXResourcesBuildPhase section */
		A79727661DC33A5100058B6D /* Resources */ = {
			isa = PBXResourcesBuildPhase;
			buildActionMask = 2147483647;
			files = (
				0FB4C0D720BBA1D100146768 /* images in Resources */,
				9F15EFDC1DDDE857002A734F /* withOptProp.json in Resources */,
				9F15EFD71DDDE857002A734F /* nestedDataWithTypeMismatchOnImagesObject.json in Resources */,
				A79727D81DC3486C00058B6D /* Info.plist in Resources */,
				0F7491A6208475DB00FE7AA2 /* corner_circle@2x.png in Resources */,
				0FB4C0D320BB933000146768 /* ImageIOController.xib in Resources */,
				9F15EFD11DDDE857002A734F /* github-iphone.json in Resources */,
				9F15EFD81DDDE857002A734F /* post.json in Resources */,
				9F15EFDB1DDDE857002A734F /* specialPropertyName.json in Resources */,
				0F7491A8208475DB00FE7AA2 /* t_comments@2x.png in Resources */,
				9F15EFD51DDDE857002A734F /* nestedDataWithDictionaryError.json in Resources */,
				9F3E028F1EA9DAEA00E0767C /* PlayStringViewController.xib in Resources */,
				0FAAB23620BCFCF300D0D839 /* PhotoMasterController.xib in Resources */,
				9F15EFCF1DDDE857002A734F /* colors.json in Resources */,
				0F7491A9208475DB00FE7AA2 /* t_repost@2x.png in Resources */,
				9F7DBA1F1E272AB600A938D8 /* music-wqs.mp3 in Resources */,
				0F184C89200CA1B800CD19FC /* RacTestViewController.xib in Resources */,
				9F15EFDA1DDDE857002A734F /* primitivesWithErrors.json in Resources */,
				9F15EFD41DDDE857002A734F /* nestedDataWithArrayError.json in Resources */,
				0FB4C0DD20BBE99700146768 /* URLSessionController.xib in Resources */,
				A79727D41DC3486C00058B6D /* Main.storyboard in Resources */,
				A79727D21DC3486C00058B6D /* Assets.xcassets in Resources */,
				9F15EFD61DDDE857002A734F /* nestedDataWithTypeMismatchOnImages.json in Resources */,
				9FE1E2F01EA9F68E00BC500E /* ConcurrentViewController.xib in Resources */,
				0F7491A7208475DB00FE7AA2 /* data.plist in Resources */,
				0FF79C24208596770039ED50 /* CTMainController.xib in Resources */,
				9F15EFD21DDDE857002A734F /* jsonTypes.json in Resources */,
				9F15EFDD1DDDE857002A734F /* withoutOptProp.json in Resources */,
				9F15EFD91DDDE857002A734F /* primitives.json in Resources */,
				A79727D31DC3486C00058B6D /* LaunchScreen.storyboard in Resources */,
				9F15EFD01DDDE857002A734F /* converts.json in Resources */,
				9F15EFD31DDDE857002A734F /* nestedData.json in Resources */,
			);
			runOnlyForDeploymentPostprocessing = 0;
		};
/* End PBXResourcesBuildPhase section */

/* Begin PBXShellScriptBuildPhase section */
		037FD50113DA23D7FB8FC87D /* [CP] Copy Pods Resources */ = {
			isa = PBXShellScriptBuildPhase;
			buildActionMask = 2147483647;
			files = (
			);
			inputPaths = (
				"${SRCROOT}/Pods/Target Support Files/Pods-ios-UITest/Pods-ios-UITest-resources.sh",
				"${PODS_ROOT}/AMap3DMap/MAMapKit.framework/AMap.bundle",
				"${PODS_ROOT}/PYSearch/PYSearch/PYSearch.bundle",
				"${PODS_ROOT}/ZYQAssetPickerController/ZYQAssetPickerController/ZYQAssetPicker.Bundle",
			);
			name = "[CP] Copy Pods Resources";
			outputPaths = (
				"${TARGET_BUILD_DIR}/${UNLOCALIZED_RESOURCES_FOLDER_PATH}/AMap.bundle",
				"${TARGET_BUILD_DIR}/${UNLOCALIZED_RESOURCES_FOLDER_PATH}/PYSearch.bundle",
				"${TARGET_BUILD_DIR}/${UNLOCALIZED_RESOURCES_FOLDER_PATH}/ZYQAssetPicker.Bundle",
			);
			runOnlyForDeploymentPostprocessing = 0;
			shellPath = /bin/sh;
			shellScript = "\"${SRCROOT}/Pods/Target Support Files/Pods-ios-UITest/Pods-ios-UITest-resources.sh\"\n";
			showEnvVarsInLog = 0;
		};
		3706E180F871C406EE9CA702 /* [CP] Check Pods Manifest.lock */ = {
			isa = PBXShellScriptBuildPhase;
			buildActionMask = 2147483647;
			files = (
			);
			inputPaths = (
				"${PODS_PODFILE_DIR_PATH}/Podfile.lock",
				"${PODS_ROOT}/Manifest.lock",
			);
			name = "[CP] Check Pods Manifest.lock";
			outputPaths = (
				"$(DERIVED_FILE_DIR)/Pods-ios-UITest-checkManifestLockResult.txt",
			);
			runOnlyForDeploymentPostprocessing = 0;
			shellPath = /bin/sh;
			shellScript = "diff \"${PODS_PODFILE_DIR_PATH}/Podfile.lock\" \"${PODS_ROOT}/Manifest.lock\" > /dev/null\nif [ $? != 0 ] ; then\n    # print error to STDERR\n    echo \"error: The sandbox is not in sync with the Podfile.lock. Run 'pod install' or update your CocoaPods installation.\" >&2\n    exit 1\nfi\n# This output is used by Xcode 'outputs' to avoid re-running this script phase.\necho \"SUCCESS\" > \"${SCRIPT_OUTPUT_FILE_0}\"\n";
			showEnvVarsInLog = 0;
		};
/* End PBXShellScriptBuildPhase section */

/* Begin PBXSourcesBuildPhase section */
		A79727641DC33A5100058B6D /* Sources */ = {
			isa = PBXSourcesBuildPhase;
			buildActionMask = 2147483647;
			files = (
				0F7491B02084767100FE7AA2 /* UIView+Additions.m in Sources */,
				9F72BF631E8FD31E001B6E60 /* MultiLabelView.m in Sources */,
				0F184C88200CA1B800CD19FC /* RacTestViewController.m in Sources */,
				9F15EFA01DDD4275002A734F /* AssetPickerViewController.m in Sources */,
				A78EA0011DC3B0FB00DEB6E3 /* UTGestureViewController.m in Sources */,
				9FF8103C1EAF51DE005B38B5 /* Concurrent3ViewController.m in Sources */,
				0F516B4F209BFEE100A0E6DA /* RunloopMainController.m in Sources */,
				0F30569820AA883B00001CDE /* MapDemoController.m in Sources */,
				A79727DE1DC34DE000058B6D /* UTTouchEventViewController.m in Sources */,
				9F6480661EB1957800CE364E /* MantleDemoViewController.m in Sources */,
				A78EA0131DC65B1300DEB6E3 /* UTTouchEventImageView.m in Sources */,
				A78EA0121DC65B1300DEB6E3 /* UTGestureView.m in Sources */,
				A76B5EE31DC8280200A21BA6 /* UTAAViewController.m in Sources */,
				9F15EFA31DDD5A95002A734F /* AssetPickTestViewController.m in Sources */,
				9FAF6E711DC97DBF00A206F5 /* UTPageController.m in Sources */,
				9F60804A1DD1DA6E00B567D2 /* UTOptionView.m in Sources */,
				9F64806C1EB1B77900CE364E /* NoMantleViewController.m in Sources */,
				9F7DFEB61E263CAB00140046 /* UTAVController.m in Sources */,
				9FF1A0AC1EADE8B60078AF92 /* Concurrent1ViewController.m in Sources */,
				A78EA0191DC6664100DEB6E3 /* UTBasicGraphicsViewController.m in Sources */,
				9F6480811EB1D40B00CE364E /* GHUserMantle.m in Sources */,
				A79727D91DC3486C00058B6D /* main.m in Sources */,
				0F2537731FE37D3F0022506D /* PYTempViewController.m in Sources */,
				9F3E028E1EA9DAEA00E0767C /* PlayStringViewController.m in Sources */,
				A76B5EED1DC8317D00A21BA6 /* UTBBView.m in Sources */,
				9F6080531DD1EA4500B567D2 /* UTOptionContentScrollView.m in Sources */,
				9F15EFE01DDDEBF7002A734F /* ReposModel.m in Sources */,
				0F7491B12084767100FE7AA2 /* UIScreen+Additions.m in Sources */,
				0F7491BB20849F2100FE7AA2 /* GenerateDatas.m in Sources */,
				9FE1393B1DC8A0F1005908F9 /* UTButtonTestController.m in Sources */,
				9F3E02741EA88DD200E0767C /* UTThirdViewController.m in Sources */,
				0F7491B82084822E00FE7AA2 /* OptTableViewCell.m in Sources */,
				0FF79C27208596A10039ED50 /* CTDisplayView.m in Sources */,
				9F2E29811DDC4DF300A90011 /* AddImageView.m in Sources */,
				0F6C7B59209057E500AA4A6F /* FindMinMaxThread.m in Sources */,
				A76B5EEA1DC82D8400A21BA6 /* UTAAView.m in Sources */,
				9FF810391EAF4164005B38B5 /* Concurrent2ViewController.m in Sources */,
				0F53A4351FE3785C00761D6A /* PYSearchDemoController.m in Sources */,
				9F15EFEC1DDE0549002A734F /* GithubRepoModel.m in Sources */,
				A79727EA1DC381B600058B6D /* UTOneViewController.m in Sources */,
				9F9E5AA81DF49F0700FD7FE2 /* HealthManagerViewController.m in Sources */,
				0F7491A02084750200FE7AA2 /* TableViewOptController.m in Sources */,
				A77266311DC72EEB0026AA56 /* UTSectionHeadView.m in Sources */,
				9F8E278B1DF6EC1B00AE01F0 /* VWWWaterView.m in Sources */,
				9F80EDDA1DEC4751004272FF /* CITestViewController.m in Sources */,
				0FB4C0D220BB933000146768 /* ImageIOController.m in Sources */,
				9F6480751EB1D2EC00CE364E /* MantleViewController.m in Sources */,
				9F36ABD71DE58AFA00D15FE8 /* GCDMainViewController.m in Sources */,
				9F3E027B1EA8908B00E0767C /* CameraViewController.m in Sources */,
				9FE139421DC8E65E005908F9 /* UTDatePickerTestController.m in Sources */,
				A78EA01C1DC66CE600DEB6E3 /* UTBasicGraphicsView.m in Sources */,
				9FAF6E791DC9BE6A00A206F5 /* UTSliderController.m in Sources */,
				9F15EFBE1DDDC3A7002A734F /* JsonModelTestViewController.m in Sources */,
				A79727D11DC3486C00058B6D /* AppDelegate.m in Sources */,
				9F7DBA2D1E277F0B00A938D8 /* FSAudioView.m in Sources */,
				A76B5EE61DC8281800A21BA6 /* UTBBViewController.m in Sources */,
				9FCC6CA51E0938F600F9D457 /* UTSearchController.m in Sources */,
				9FAF6E811DC9E85500A206F5 /* UTTextFieldController.m in Sources */,
				A79727D61DC3486C00058B6D /* FitTabbarController.m in Sources */,
				9F6080431DD1D50D00B567D2 /* UTOptionbarDesignController.m in Sources */,
				9F9B626A1DD77D7A004E8A12 /* PNChartViewController.m in Sources */,
				A772662D1DC724B20026AA56 /* UTTableViewController.m in Sources */,
				9FCC6CA81E095B3300F9D457 /* SearchResultsViewController.m in Sources */,
				9F64807E1EB1D3CC00CE364E /* GHIssueMantle.m in Sources */,
				A79727D51DC3486C00058B6D /* FitNavigationController.m in Sources */,
				9F6480721EB1C16E00CE364E /* GHUser.m in Sources */,
				A79727D71DC3486C00058B6D /* FitConsts.m in Sources */,
				9FAF6E751DC9B1DA00A206F5 /* UTSegmentedController.m in Sources */,
				0FAAB23520BCFCF300D0D839 /* PhotoMasterController.m in Sources */,
				9F2E29841DDC623400A90011 /* PickImageViewController.m in Sources */,
				9F64806F1EB1BFE900CE364E /* GHIssue.m in Sources */,
				0FB4C0DC20BBE99700146768 /* URLSessionController.m in Sources */,
				0F7491B22084767100FE7AA2 /* NSString+Additions.m in Sources */,
				0FF79C23208596770039ED50 /* CTMainController.m in Sources */,
				9FAF6E7D1DC9D89A00A206F5 /* UTSwitchController.m in Sources */,
				9FE1E2EF1EA9F68E00BC500E /* ConcurrentViewController.m in Sources */,
				A76B5EF01DC873C200A21BA6 /* UTTwoViewController.m in Sources */,
				9FC3CBE81DED7400003ED1CE /* DBManager.m in Sources */,
				9F8E27881DF6C6B400AE01F0 /* AnimationViewController.m in Sources */,
				9F7DBA2A1E277ECA00A938D8 /* AVAudioPlayerView.m in Sources */,
			);
			runOnlyForDeploymentPostprocessing = 0;
		};
/* End PBXSourcesBuildPhase section */

/* Begin PBXVariantGroup section */
		A79727BE1DC3486C00058B6D /* LaunchScreen.storyboard */ = {
			isa = PBXVariantGroup;
			children = (
				A79727BF1DC3486C00058B6D /* Base */,
			);
			name = LaunchScreen.storyboard;
			sourceTree = "<group>";
		};
		A79727C01DC3486C00058B6D /* Main.storyboard */ = {
			isa = PBXVariantGroup;
			children = (
				A79727C11DC3486C00058B6D /* Base */,
			);
			name = Main.storyboard;
			sourceTree = "<group>";
		};
/* End PBXVariantGroup section */

/* Begin XCBuildConfiguration section */
		A797277D1DC33A5100058B6D /* Debug */ = {
			isa = XCBuildConfiguration;
			buildSettings = {
				ALWAYS_SEARCH_USER_PATHS = NO;
				CLANG_ANALYZER_NONNULL = YES;
				CLANG_CXX_LANGUAGE_STANDARD = "gnu++0x";
				CLANG_CXX_LIBRARY = "libc++";
				CLANG_ENABLE_MODULES = YES;
				CLANG_ENABLE_OBJC_ARC = YES;
				CLANG_WARN_BOOL_CONVERSION = YES;
				CLANG_WARN_CONSTANT_CONVERSION = YES;
				CLANG_WARN_DIRECT_OBJC_ISA_USAGE = YES_ERROR;
				CLANG_WARN_DOCUMENTATION_COMMENTS = YES;
				CLANG_WARN_EMPTY_BODY = YES;
				CLANG_WARN_ENUM_CONVERSION = YES;
				CLANG_WARN_INFINITE_RECURSION = YES;
				CLANG_WARN_INT_CONVERSION = YES;
				CLANG_WARN_OBJC_ROOT_CLASS = YES_ERROR;
				CLANG_WARN_SUSPICIOUS_MOVES = YES;
				CLANG_WARN_UNREACHABLE_CODE = YES;
				CLANG_WARN__DUPLICATE_METHOD_MATCH = YES;
				"CODE_SIGN_IDENTITY[sdk=iphoneos*]" = "iPhone Developer";
				COPY_PHASE_STRIP = NO;
				DEBUG_INFORMATION_FORMAT = dwarf;
				ENABLE_STRICT_OBJC_MSGSEND = YES;
				ENABLE_TESTABILITY = YES;
				GCC_C_LANGUAGE_STANDARD = gnu99;
				GCC_DYNAMIC_NO_PIC = NO;
				GCC_NO_COMMON_BLOCKS = YES;
				GCC_OPTIMIZATION_LEVEL = 0;
				GCC_PREPROCESSOR_DEFINITIONS = (
					"DEBUG=1",
					"$(inherited)",
				);
				GCC_WARN_64_TO_32_BIT_CONVERSION = YES;
				GCC_WARN_ABOUT_RETURN_TYPE = YES_ERROR;
				GCC_WARN_UNDECLARED_SELECTOR = YES;
				GCC_WARN_UNINITIALIZED_AUTOS = YES_AGGRESSIVE;
				GCC_WARN_UNUSED_FUNCTION = YES;
				GCC_WARN_UNUSED_VARIABLE = YES;
				IPHONEOS_DEPLOYMENT_TARGET = 10.0;
				MTL_ENABLE_DEBUG_INFO = YES;
				ONLY_ACTIVE_ARCH = YES;
				SDKROOT = iphoneos;
			};
			name = Debug;
		};
		A797277E1DC33A5100058B6D /* Release */ = {
			isa = XCBuildConfiguration;
			buildSettings = {
				ALWAYS_SEARCH_USER_PATHS = NO;
				CLANG_ANALYZER_NONNULL = YES;
				CLANG_CXX_LANGUAGE_STANDARD = "gnu++0x";
				CLANG_CXX_LIBRARY = "libc++";
				CLANG_ENABLE_MODULES = YES;
				CLANG_ENABLE_OBJC_ARC = YES;
				CLANG_WARN_BOOL_CONVERSION = YES;
				CLANG_WARN_CONSTANT_CONVERSION = YES;
				CLANG_WARN_DIRECT_OBJC_ISA_USAGE = YES_ERROR;
				CLANG_WARN_DOCUMENTATION_COMMENTS = YES;
				CLANG_WARN_EMPTY_BODY = YES;
				CLANG_WARN_ENUM_CONVERSION = YES;
				CLANG_WARN_INFINITE_RECURSION = YES;
				CLANG_WARN_INT_CONVERSION = YES;
				CLANG_WARN_OBJC_ROOT_CLASS = YES_ERROR;
				CLANG_WARN_SUSPICIOUS_MOVES = YES;
				CLANG_WARN_UNREACHABLE_CODE = YES;
				CLANG_WARN__DUPLICATE_METHOD_MATCH = YES;
				"CODE_SIGN_IDENTITY[sdk=iphoneos*]" = "iPhone Developer";
				COPY_PHASE_STRIP = NO;
				DEBUG_INFORMATION_FORMAT = "dwarf-with-dsym";
				ENABLE_NS_ASSERTIONS = NO;
				ENABLE_STRICT_OBJC_MSGSEND = YES;
				GCC_C_LANGUAGE_STANDARD = gnu99;
				GCC_NO_COMMON_BLOCKS = YES;
				GCC_WARN_64_TO_32_BIT_CONVERSION = YES;
				GCC_WARN_ABOUT_RETURN_TYPE = YES_ERROR;
				GCC_WARN_UNDECLARED_SELECTOR = YES;
				GCC_WARN_UNINITIALIZED_AUTOS = YES_AGGRESSIVE;
				GCC_WARN_UNUSED_FUNCTION = YES;
				GCC_WARN_UNUSED_VARIABLE = YES;
				IPHONEOS_DEPLOYMENT_TARGET = 10.0;
				MTL_ENABLE_DEBUG_INFO = NO;
				SDKROOT = iphoneos;
				VALIDATE_PRODUCT = YES;
			};
			name = Release;
		};
		A79727801DC33A5100058B6D /* Debug */ = {
			isa = XCBuildConfiguration;
			baseConfigurationReference = FCE94D66BB43C7F696A72ACA /* Pods-ios-UITest.debug.xcconfig */;
			buildSettings = {
				ASSETCATALOG_COMPILER_APPICON_NAME = AppIcon;
				DEVELOPMENT_TEAM = BT3JXCV96C;
				GCC_PRECOMPILE_PREFIX_HEADER = YES;
				GCC_PREFIX_HEADER = "/Users/longyang/Documents/IOS-UITest/ios-UITest/ios-UITest/ios-UITest-Prefix.pch";
				INFOPLIST_FILE = "ios-UITest/Info.plist";
				IPHONEOS_DEPLOYMENT_TARGET = 11.3;
				LD_RUNPATH_SEARCH_PATHS = "$(inherited) @executable_path/Frameworks";
				PRODUCT_BUNDLE_IDENTIFIER = com.yl.uitest;
				PRODUCT_NAME = "$(TARGET_NAME)";
			};
			name = Debug;
		};
		A79727811DC33A5100058B6D /* Release */ = {
			isa = XCBuildConfiguration;
			baseConfigurationReference = 8273556AB065D292BED8FD96 /* Pods-ios-UITest.release.xcconfig */;
			buildSettings = {
				ASSETCATALOG_COMPILER_APPICON_NAME = AppIcon;
				DEVELOPMENT_TEAM = BT3JXCV96C;
				GCC_PRECOMPILE_PREFIX_HEADER = YES;
				GCC_PREFIX_HEADER = "/Users/longyang/Documents/IOS-UITest/ios-UITest/ios-UITest/ios-UITest-Prefix.pch";
				INFOPLIST_FILE = "ios-UITest/Info.plist";
				IPHONEOS_DEPLOYMENT_TARGET = 11.3;
				LD_RUNPATH_SEARCH_PATHS = "$(inherited) @executable_path/Frameworks";
				PRODUCT_BUNDLE_IDENTIFIER = com.yl.uitest;
				PRODUCT_NAME = "$(TARGET_NAME)";
			};
			name = Release;
		};
/* End XCBuildConfiguration section */

/* Begin XCConfigurationList section */
		A79727631DC33A5100058B6D /* Build configuration list for PBXProject "ios-UITest" */ = {
			isa = XCConfigurationList;
			buildConfigurations = (
				A797277D1DC33A5100058B6D /* Debug */,
				A797277E1DC33A5100058B6D /* Release */,
			);
			defaultConfigurationIsVisible = 0;
			defaultConfigurationName = Release;
		};
		A797277F1DC33A5100058B6D /* Build configuration list for PBXNativeTarget "ios-UITest" */ = {
			isa = XCConfigurationList;
			buildConfigurations = (
				A79727801DC33A5100058B6D /* Debug */,
				A79727811DC33A5100058B6D /* Release */,
			);
			defaultConfigurationIsVisible = 0;
			defaultConfigurationName = Release;
		};
/* End XCConfigurationList section */
	};
	rootObject = A79727601DC33A5100058B6D /* Project object */;
}
